
Microsoft Visual Studio Solution File, Format Version 12.00
# Visual Studio Version 17
VisualStudioVersion = 17.0.31903.59
MinimumVisualStudioVersion = 10.0.40219.1
Project("{FAE04EC0-301F-11D3-BF4B-00C04F79EFBC}") = "Citus.Accounting.Domain", "src\Citus.Accounting.Domain\Citus.Accounting.Domain.csproj", "{277AC3AD-3954-468B-8223-DCDAFD9C2342}"
EndProject
Project("{FAE04EC0-301F-11D3-BF4B-00C04F79EFBC}") = "Citus.Accounting.Application", "src\Citus.Accounting.Application\Citus.Accounting.Application.csproj", "{1CC8FB53-BFAA-4151-94BF-6F686852DE94}"
EndProject
Project("{FAE04EC0-301F-11D3-BF4B-00C04F79EFBC}") = "Citus.Accounting.Infrastructure", "src\Citus.Accounting.Infrastructure\Citus.Accounting.Infrastructure.csproj", "{59B08C19-C54D-4F3A-9A73-6C9437C951F5}"
EndProject
Project("{FAE04EC0-301F-11D3-BF4B-00C04F79EFBC}") = "Citus.Accounting.Api", "src\Citus.Accounting.Api\Citus.Accounting.Api.csproj", "{35522C30-AE72-401E-A287-93CD81F2D3CF}"
EndProject
Project("{FAE04EC0-301F-11D3-BF4B-00C04F79EFBC}") = "Citus.SysAdmin.Api", "src\Citus.SysAdmin.Api\Citus.SysAdmin.Api.csproj", "{174AE5B1-71AC-4054-94AA-C9277A9FF86F}"
EndProject
Project("{FAE04EC0-301F-11D3-BF4B-00C04F79EFBC}") = "Citus.Accounting.Domain.Tests", "tests\Citus.Accounting.Domain.Tests\Citus.Accounting.Domain.Tests.csproj", "{41C1681B-0FE3-493E-A112-B8F6106F6E92}"
EndProject
Project("{FAE04EC0-301F-11D3-BF4B-00C04F79EFBC}") = "Citus.Accounting.Application.Tests", "tests\Citus.Accounting.Application.Tests\Citus.Accounting.Application.Tests.csproj", "{8294645E-96F0-41B7-A369-30BB8D164A2C}"
EndProject
Project("{FAE04EC0-301F-11D3-BF4B-00C04F79EFBC}") = "Citus.Accounting.IntegrationTests", "tests\Citus.Accounting.IntegrationTests\Citus.Accounting.IntegrationTests.csproj", "{2E6CB46E-9D58-45A0-A85F-995B56C4EC14}"
EndProject
Project("{2150E333-8FDC-42A3-9474-1A3956D46DE8}") = "src", "src", "{827E0CD3-B72D-47B6-A68D-7590B98EB39B}"
EndProject
Project("{FAE04EC0-301F-11D3-BF4B-00C04F79EFBC}") = "Citus.Platform.Core", "src\Citus.Platform.Core\Citus.Platform.Core.csproj", "{33906401-9067-4AAB-99B1-2A1189CAADD1}"
EndProject
Project("{FAE04EC0-301F-11D3-BF4B-00C04F79EFBC}") = "Citus.Platform.Infrastructure", "src\Citus.Platform.Infrastructure\Citus.Platform.Infrastructure.csproj", "{7F9F44C8-20E3-4D84-8813-AC6149BF8F69}"
EndProject
Project("{2150E333-8FDC-42A3-9474-1A3956D46DE8}") = "tests", "tests", "{0AB3BF05-4346-4AA6-1389-037BE0695223}"
EndProject
Project("{FAE04EC0-301F-11D3-BF4B-00C04F79EFBC}") = "Citus.Platform.Core.Tests", "tests\Citus.Platform.Core.Tests\Citus.Platform.Core.Tests.csproj", "{0D419197-4BAF-461D-AA0D-C93C0B5CD8F8}"
EndProject
Project("{FAE04EC0-301F-11D3-BF4B-00C04F79EFBC}") = "Citus.ConsoleApp", "src\Citus.ConsoleApp\Citus.ConsoleApp.csproj", "{24EBD6AC-2572-4E3C-9ABD-B60FCE5C6FF9}"
EndProject
Project("{FAE04EC0-301F-11D3-BF4B-00C04F79EFBC}") = "Citus.SysAdmin.Blazor", "src\Citus.SysAdmin.Blazor\Citus.SysAdmin.Blazor.csproj", "{A833E23E-769F-4C54-811A-26EA5ECE125C}"
EndProject
Project("{FAE04EC0-301F-11D3-BF4B-00C04F79EFBC}") = "Citus.Ui.Shared", "src\Citus.Ui.Shared\Citus.Ui.Shared.csproj", "{C54EC4D0-0E60-43FB-A4E9-73A37E48399A}"
EndProject
Project("{FAE04EC0-301F-11D3-BF4B-00C04F79EFBC}") = "Citus.Gateway", "src\Citus.Gateway\Citus.Gateway.csproj", "{573EF33F-DE69-4740-AFF9-B56F2AD3A5A1}"
EndProject
Project("{FAE04EC0-301F-11D3-BF4B-00C04F79EFBC}") = "Citus.SysAdmin.Api.Tests", "tests\Citus.SysAdmin.Api.Tests\Citus.SysAdmin.Api.Tests.csproj", "{DC0D8DA8-CEA8-4648-A90B-40CEFE89FA9A}"
EndProject
Project("{FAE04EC0-301F-11D3-BF4B-00C04F79EFBC}") = "Citus.Accounting.Api.Tests", "tests\Citus.Accounting.Api.Tests\Citus.Accounting.Api.Tests.csproj", "{3C0A51FD-63DC-44D7-97DF-DE2178DAA404}"
EndProject
Project("{FAE04EC0-301F-11D3-BF4B-00C04F79EFBC}") = "Citus.Business.Blazor.Tests", "tests\Citus.Business.Blazor.Tests\Citus.Business.Blazor.Tests.csproj", "{1CA3F5B7-8065-456D-9E46-CB092084D479}"
EndProject
Project("{FAE04EC0-301F-11D3-BF4B-00C04F79EFBC}") = "Citus.Business.Blazor", "src\Citus.Business.Blazor\Citus.Business.Blazor.csproj", "{E79C59F2-CBCE-4B8A-9569-234502362936}"
EndProject
Project("{FAE04EC0-301F-11D3-BF4B-00C04F79EFBC}") = "SharedKernel", "src\SharedKernel\SharedKernel.csproj", "{83702559-7B1F-435B-BD67-4724D5091341}"
EndProject
Project("{2150E333-8FDC-42A3-9474-1A3956D46DE8}") = "Modules", "Modules", "{EC447DCF-ABFA-6E24-52A5-D7FD48A5C558}"
EndProject
Project("{2150E333-8FDC-42A3-9474-1A3956D46DE8}") = "Reports", "Reports", "{3DF52DA8-B83D-8D2B-4D21-700587FC75DB}"
EndProject
Project("{FAE04EC0-301F-11D3-BF4B-00C04F79EFBC}") = "Modules.Reports", "src\Modules\Reports\Modules.Reports.csproj", "{88CE4F18-481B-41E3-9D54-7507E0FB8635}"
EndProject
Project("{2150E333-8FDC-42A3-9474-1A3956D46DE8}") = "Web", "Web", "{03997797-E7F5-0643-168D-B8EA7178C2FE}"
EndProject
Project("{2150E333-8FDC-42A3-9474-1A3956D46DE8}") = "Business", "Business", "{DB899A70-87D6-56B2-4D60-B71BC0C6AC19}"
EndProject
Project("{2150E333-8FDC-42A3-9474-1A3956D46DE8}") = "Reports", "Reports", "{DAF20A4E-1F65-5500-8E50-6D8CD6F4829A}"
EndProject
Project("{FAE04EC0-301F-11D3-BF4B-00C04F79EFBC}") = "Web.Business.Reports", "src\Web\Business\Reports\Web.Business.Reports.csproj", "{2DB833BA-93E6-440B-9310-497981BA99AE}"
EndProject
Project("{2150E333-8FDC-42A3-9474-1A3956D46DE8}") = "Tests", "Tests", "{CEA09484-30F6-4D44-02F6-822E06DBC57C}"
EndProject
Project("{2150E333-8FDC-42A3-9474-1A3956D46DE8}") = "Reports", "Reports", "{5A0BAC9C-026E-7ACA-E8ED-CA74998973C5}"
EndProject
Project("{FAE04EC0-301F-11D3-BF4B-00C04F79EFBC}") = "Tests.Reports", "src\Tests\Reports\Tests.Reports.csproj", "{9CB0E4EC-75C4-4AAA-8DCB-7B6FFBC40131}"
EndProject
Project("{2150E333-8FDC-42A3-9474-1A3956D46DE8}") = "Engines", "Engines", "{FAA8119B-AA7A-1BC1-126F-7760766D0C16}"
EndProject
Project("{2150E333-8FDC-42A3-9474-1A3956D46DE8}") = "Posting", "Posting", "{59E6F2BB-0E08-F9AD-94A1-7F05BF6AD86C}"
EndProject
Project("{FAE04EC0-301F-11D3-BF4B-00C04F79EFBC}") = "Engines.Posting", "src\Engines\Posting\Engines.Posting.csproj", "{9FA78083-78DF-41EC-9E09-A7804545CA56}"
EndProject
Project("{2150E333-8FDC-42A3-9474-1A3956D46DE8}") = "GL", "GL", "{31ECC41D-E2FA-64F3-E3B5-79DEEDFE2750}"
EndProject
Project("{FAE04EC0-301F-11D3-BF4B-00C04F79EFBC}") = "Modules.GL", "src\Modules\GL\Modules.GL.csproj", "{A76C9BC3-2341-4DC1-A905-DB082A4F1025}"
EndProject
Project("{2150E333-8FDC-42A3-9474-1A3956D46DE8}") = "GL", "GL", "{3217FC3D-1E18-1AD7-8C3D-3FBA06EAD842}"
EndProject
Project("{FAE04EC0-301F-11D3-BF4B-00C04F79EFBC}") = "Web.Business.GL", "src\Web\Business\GL\Web.Business.GL.csproj", "{102701D5-8EC6-4304-8B63-9BF1C53E9263}"
EndProject
Project("{2150E333-8FDC-42A3-9474-1A3956D46DE8}") = "GL", "GL", "{1B8F7F78-E44E-B657-9A10-85D8F3FF0347}"
EndProject
Project("{FAE04EC0-301F-11D3-BF4B-00C04F79EFBC}") = "Tests.GL", "src\Tests\GL\Tests.GL.csproj", "{3C2B95CD-3F94-4831-AC57-779A14BF2BD3}"
EndProject
Project("{2150E333-8FDC-42A3-9474-1A3956D46DE8}") = "Shell", "Shell", "{AEB1AB33-D7A8-8071-7155-6D8F356BCC78}"
EndProject
Project("{FAE04EC0-301F-11D3-BF4B-00C04F79EFBC}") = "Web.Shell", "src\Web\Shell\Web.Shell.csproj", "{CE8C6645-5066-4BE4-A864-DF25A26DF2EA}"
EndProject
Project("{2150E333-8FDC-42A3-9474-1A3956D46DE8}") = "FX", "FX", "{44F8D47F-22CC-4E25-9416-A989855958A0}"
EndProject
Project("{FAE04EC0-301F-11D3-BF4B-00C04F79EFBC}") = "Engines.FX", "src\Engines\FX\Engines.FX.csproj", "{279F5A72-2594-4314-9F2B-3F862C8B86BE}"
EndProject
Project("{2150E333-8FDC-42A3-9474-1A3956D46DE8}") = "Numbering", "Numbering", "{68106B6F-7600-51D6-440C-E064911388C7}"
EndProject
Project("{FAE04EC0-301F-11D3-BF4B-00C04F79EFBC}") = "Engines.Numbering", "src\Engines\Numbering\Engines.Numbering.csproj", "{972984D0-2770-4619-BBE1-CBF57A2A6287}"
EndProject
Project("{2150E333-8FDC-42A3-9474-1A3956D46DE8}") = "Connectors", "Connectors", "{237CDB4C-E7C4-795B-969A-4CCB7C8B335B}"
EndProject
Project("{2150E333-8FDC-42A3-9474-1A3956D46DE8}") = "FX", "FX", "{37BBC434-6B80-4103-6230-566D0BAA8BCE}"
EndProject
Project("{FAE04EC0-301F-11D3-BF4B-00C04F79EFBC}") = "Connectors.FX", "src\Connectors\FX\Connectors.FX.csproj", "{67DEA98B-5276-4CE5-8220-FC1F8C3F370F}"
EndProject
Project("{2150E333-8FDC-42A3-9474-1A3956D46DE8}") = "Infrastructure", "Infrastructure", "{9048EB7F-3875-A59E-E36B-5BD4C6F2A282}"
EndProject
Project("{2150E333-8FDC-42A3-9474-1A3956D46DE8}") = "PostgreSQL", "PostgreSQL", "{F953B7FB-7AE3-4150-85DB-187B390CFA5A}"
EndProject
Project("{FAE04EC0-301F-11D3-BF4B-00C04F79EFBC}") = "Infrastructure.PostgreSQL", "src\Infrastructure\PostgreSQL\Infrastructure.PostgreSQL.csproj", "{B8F868DB-E0A9-4EBC-B25E-54A25ED56817}"
EndProject
Project("{2150E333-8FDC-42A3-9474-1A3956D46DE8}") = "Infrastructure", "Infrastructure", "{80EEF130-7592-4B6B-60A1-C320E7924423}"
EndProject
Project("{FAE04EC0-301F-11D3-BF4B-00C04F79EFBC}") = "Tests.Infrastructure", "src\Tests\Infrastructure\Tests.Infrastructure.csproj", "{B41AC07F-B6DD-4259-A2D4-8D21FEB2320D}"
EndProject
Global
	GlobalSection(SolutionConfigurationPlatforms) = preSolution
		Debug|Any CPU = Debug|Any CPU
		Debug|x64 = Debug|x64
		Debug|x86 = Debug|x86
		Release|Any CPU = Release|Any CPU
		Release|x64 = Release|x64
		Release|x86 = Release|x86
	EndGlobalSection
	GlobalSection(ProjectConfigurationPlatforms) = postSolution
		{277AC3AD-3954-468B-8223-DCDAFD9C2342}.Debug|Any CPU.ActiveCfg = Debug|Any CPU
		{277AC3AD-3954-468B-8223-DCDAFD9C2342}.Debug|Any CPU.Build.0 = Debug|Any CPU
		{277AC3AD-3954-468B-8223-DCDAFD9C2342}.Debug|x64.ActiveCfg = Debug|Any CPU
		{277AC3AD-3954-468B-8223-DCDAFD9C2342}.Debug|x64.Build.0 = Debug|Any CPU
		{277AC3AD-3954-468B-8223-DCDAFD9C2342}.Debug|x86.ActiveCfg = Debug|Any CPU
		{277AC3AD-3954-468B-8223-DCDAFD9C2342}.Debug|x86.Build.0 = Debug|Any CPU
		{277AC3AD-3954-468B-8223-DCDAFD9C2342}.Release|Any CPU.ActiveCfg = Release|Any CPU
		{277AC3AD-3954-468B-8223-DCDAFD9C2342}.Release|Any CPU.Build.0 = Release|Any CPU
		{277AC3AD-3954-468B-8223-DCDAFD9C2342}.Release|x64.ActiveCfg = Release|Any CPU
		{277AC3AD-3954-468B-8223-DCDAFD9C2342}.Release|x64.Build.0 = Release|Any CPU
		{277AC3AD-3954-468B-8223-DCDAFD9C2342}.Release|x86.ActiveCfg = Release|Any CPU
		{277AC3AD-3954-468B-8223-DCDAFD9C2342}.Release|x86.Build.0 = Release|Any CPU
		{1CC8FB53-BFAA-4151-94BF-6F686852DE94}.Debug|Any CPU.ActiveCfg = Debug|Any CPU
		{1CC8FB53-BFAA-4151-94BF-6F686852DE94}.Debug|Any CPU.Build.0 = Debug|Any CPU
		{1CC8FB53-BFAA-4151-94BF-6F686852DE94}.Debug|x64.ActiveCfg = Debug|Any CPU
		{1CC8FB53-BFAA-4151-94BF-6F686852DE94}.Debug|x64.Build.0 = Debug|Any CPU
		{1CC8FB53-BFAA-4151-94BF-6F686852DE94}.Debug|x86.ActiveCfg = Debug|Any CPU
		{1CC8FB53-BFAA-4151-94BF-6F686852DE94}.Debug|x86.Build.0 = Debug|Any CPU
		{1CC8FB53-BFAA-4151-94BF-6F686852DE94}.Release|Any CPU.ActiveCfg = Release|Any CPU
		{1CC8FB53-BFAA-4151-94BF-6F686852DE94}.Release|Any CPU.Build.0 = Release|Any CPU
		{1CC8FB53-BFAA-4151-94BF-6F686852DE94}.Release|x64.ActiveCfg = Release|Any CPU
		{1CC8FB53-BFAA-4151-94BF-6F686852DE94}.Release|x64.Build.0 = Release|Any CPU
		{1CC8FB53-BFAA-4151-94BF-6F686852DE94}.Release|x86.ActiveCfg = Release|Any CPU
		{1CC8FB53-BFAA-4151-94BF-6F686852DE94}.Release|x86.Build.0 = Release|Any CPU
		{59B08C19-C54D-4F3A-9A73-6C9437C951F5}.Debug|Any CPU.ActiveCfg = Debug|Any CPU
		{59B08C19-C54D-4F3A-9A73-6C9437C951F5}.Debug|Any CPU.Build.0 = Debug|Any CPU
		{59B08C19-C54D-4F3A-9A73-6C9437C951F5}.Debug|x64.ActiveCfg = Debug|Any CPU
		{59B08C19-C54D-4F3A-9A73-6C9437C951F5}.Debug|x64.Build.0 = Debug|Any CPU
		{59B08C19-C54D-4F3A-9A73-6C9437C951F5}.Debug|x86.ActiveCfg = Debug|Any CPU
		{59B08C19-C54D-4F3A-9A73-6C9437C951F5}.Debug|x86.Build.0 = Debug|Any CPU
		{59B08C19-C54D-4F3A-9A73-6C9437C951F5}.Release|Any CPU.ActiveCfg = Release|Any CPU
		{59B08C19-C54D-4F3A-9A73-6C9437C951F5}.Release|Any CPU.Build.0 = Release|Any CPU
		{59B08C19-C54D-4F3A-9A73-6C9437C951F5}.Release|x64.ActiveCfg = Release|Any CPU
		{59B08C19-C54D-4F3A-9A73-6C9437C951F5}.Release|x64.Build.0 = Release|Any CPU
		{59B08C19-C54D-4F3A-9A73-6C9437C951F5}.Release|x86.ActiveCfg = Release|Any CPU
		{59B08C19-C54D-4F3A-9A73-6C9437C951F5}.Release|x86.Build.0 = Release|Any CPU
		{35522C30-AE72-401E-A287-93CD81F2D3CF}.Debug|Any CPU.ActiveCfg = Debug|Any CPU
		{35522C30-AE72-401E-A287-93CD81F2D3CF}.Debug|Any CPU.Build.0 = Debug|Any CPU
		{35522C30-AE72-401E-A287-93CD81F2D3CF}.Debug|x64.ActiveCfg = Debug|Any CPU
		{35522C30-AE72-401E-A287-93CD81F2D3CF}.Debug|x64.Build.0 = Debug|Any CPU
		{35522C30-AE72-401E-A287-93CD81F2D3CF}.Debug|x86.ActiveCfg = Debug|Any CPU
		{35522C30-AE72-401E-A287-93CD81F2D3CF}.Debug|x86.Build.0 = Debug|Any CPU
		{35522C30-AE72-401E-A287-93CD81F2D3CF}.Release|Any CPU.ActiveCfg = Release|Any CPU
		{35522C30-AE72-401E-A287-93CD81F2D3CF}.Release|Any CPU.Build.0 = Release|Any CPU
		{35522C30-AE72-401E-A287-93CD81F2D3CF}.Release|x64.ActiveCfg = Release|Any CPU
		{35522C30-AE72-401E-A287-93CD81F2D3CF}.Release|x64.Build.0 = Release|Any CPU
		{35522C30-AE72-401E-A287-93CD81F2D3CF}.Release|x86.ActiveCfg = Release|Any CPU
		{35522C30-AE72-401E-A287-93CD81F2D3CF}.Release|x86.Build.0 = Release|Any CPU
		{174AE5B1-71AC-4054-94AA-C9277A9FF86F}.Debug|Any CPU.ActiveCfg = Debug|Any CPU
		{174AE5B1-71AC-4054-94AA-C9277A9FF86F}.Debug|Any CPU.Build.0 = Debug|Any CPU
		{174AE5B1-71AC-4054-94AA-C9277A9FF86F}.Debug|x64.ActiveCfg = Debug|Any CPU
		{174AE5B1-71AC-4054-94AA-C9277A9FF86F}.Debug|x64.Build.0 = Debug|Any CPU
		{174AE5B1-71AC-4054-94AA-C9277A9FF86F}.Debug|x86.ActiveCfg = Debug|Any CPU
		{174AE5B1-71AC-4054-94AA-C9277A9FF86F}.Debug|x86.Build.0 = Debug|Any CPU
		{174AE5B1-71AC-4054-94AA-C9277A9FF86F}.Release|Any CPU.ActiveCfg = Release|Any CPU
		{174AE5B1-71AC-4054-94AA-C9277A9FF86F}.Release|Any CPU.Build.0 = Release|Any CPU
		{174AE5B1-71AC-4054-94AA-C9277A9FF86F}.Release|x64.ActiveCfg = Release|Any CPU
		{174AE5B1-71AC-4054-94AA-C9277A9FF86F}.Release|x64.Build.0 = Release|Any CPU
		{174AE5B1-71AC-4054-94AA-C9277A9FF86F}.Release|x86.ActiveCfg = Release|Any CPU
		{174AE5B1-71AC-4054-94AA-C9277A9FF86F}.Release|x86.Build.0 = Release|Any CPU
		{41C1681B-0FE3-493E-A112-B8F6106F6E92}.Debug|Any CPU.ActiveCfg = Debug|Any CPU
		{41C1681B-0FE3-493E-A112-B8F6106F6E92}.Debug|Any CPU.Build.0 = Debug|Any CPU
		{41C1681B-0FE3-493E-A112-B8F6106F6E92}.Debug|x64.ActiveCfg = Debug|Any CPU
		{41C1681B-0FE3-493E-A112-B8F6106F6E92}.Debug|x64.Build.0 = Debug|Any CPU
		{41C1681B-0FE3-493E-A112-B8F6106F6E92}.Debug|x86.ActiveCfg = Debug|Any CPU
		{41C1681B-0FE3-493E-A112-B8F6106F6E92}.Debug|x86.Build.0 = Debug|Any CPU
		{41C1681B-0FE3-493E-A112-B8F6106F6E92}.Release|Any CPU.ActiveCfg = Release|Any CPU
		{41C1681B-0FE3-493E-A112-B8F6106F6E92}.Release|Any CPU.Build.0 = Release|Any CPU
		{41C1681B-0FE3-493E-A112-B8F6106F6E92}.Release|x64.ActiveCfg = Release|Any CPU
		{41C1681B-0FE3-493E-A112-B8F6106F6E92}.Release|x64.Build.0 = Release|Any CPU
		{41C1681B-0FE3-493E-A112-B8F6106F6E92}.Release|x86.ActiveCfg = Release|Any CPU
		{41C1681B-0FE3-493E-A112-B8F6106F6E92}.Release|x86.Build.0 = Release|Any CPU
		{8294645E-96F0-41B7-A369-30BB8D164A2C}.Debug|Any CPU.ActiveCfg = Debug|Any CPU
		{8294645E-96F0-41B7-A369-30BB8D164A2C}.Debug|Any CPU.Build.0 = Debug|Any CPU
		{8294645E-96F0-41B7-A369-30BB8D164A2C}.Debug|x64.ActiveCfg = Debug|Any CPU
		{8294645E-96F0-41B7-A369-30BB8D164A2C}.Debug|x64.Build.0 = Debug|Any CPU
		{8294645E-96F0-41B7-A369-30BB8D164A2C}.Debug|x86.ActiveCfg = Debug|Any CPU
		{8294645E-96F0-41B7-A369-30BB8D164A2C}.Debug|x86.Build.0 = Debug|Any CPU
		{8294645E-96F0-41B7-A369-30BB8D164A2C}.Release|Any CPU.ActiveCfg = Release|Any CPU
		{8294645E-96F0-41B7-A369-30BB8D164A2C}.Release|Any CPU.Build.0 = Release|Any CPU
		{8294645E-96F0-41B7-A369-30BB8D164A2C}.Release|x64.ActiveCfg = Release|Any CPU
		{8294645E-96F0-41B7-A369-30BB8D164A2C}.Release|x64.Build.0 = Release|Any CPU
		{8294645E-96F0-41B7-A369-30BB8D164A2C}.Release|x86.ActiveCfg = Release|Any CPU
		{8294645E-96F0-41B7-A369-30BB8D164A2C}.Release|x86.Build.0 = Release|Any CPU
		{2E6CB46E-9D58-45A0-A85F-995B56C4EC14}.Debug|Any CPU.ActiveCfg = Debug|Any CPU
		{2E6CB46E-9D58-45A0-A85F-995B56C4EC14}.Debug|Any CPU.Build.0 = Debug|Any CPU
		{2E6CB46E-9D58-45A0-A85F-995B56C4EC14}.Debug|x64.ActiveCfg = Debug|Any CPU
		{2E6CB46E-9D58-45A0-A85F-995B56C4EC14}.Debug|x64.Build.0 = Debug|Any CPU
		{2E6CB46E-9D58-45A0-A85F-995B56C4EC14}.Debug|x86.ActiveCfg = Debug|Any CPU
		{2E6CB46E-9D58-45A0-A85F-995B56C4EC14}.Debug|x86.Build.0 = Debug|Any CPU
		{2E6CB46E-9D58-45A0-A85F-995B56C4EC14}.Release|Any CPU.ActiveCfg = Release|Any CPU
		{2E6CB46E-9D58-45A0-A85F-995B56C4EC14}.Release|Any CPU.Build.0 = Release|Any CPU
		{2E6CB46E-9D58-45A0-A85F-995B56C4EC14}.Release|x64.ActiveCfg = Release|Any CPU
		{2E6CB46E-9D58-45A0-A85F-995B56C4EC14}.Release|x64.Build.0 = Release|Any CPU
		{2E6CB46E-9D58-45A0-A85F-995B56C4EC14}.Release|x86.ActiveCfg = Release|Any CPU
		{2E6CB46E-9D58-45A0-A85F-995B56C4EC14}.Release|x86.Build.0 = Release|Any CPU
		{33906401-9067-4AAB-99B1-2A1189CAADD1}.Debug|Any CPU.ActiveCfg = Debug|Any CPU
		{33906401-9067-4AAB-99B1-2A1189CAADD1}.Debug|Any CPU.Build.0 = Debug|Any CPU
		{33906401-9067-4AAB-99B1-2A1189CAADD1}.Debug|x64.ActiveCfg = Debug|Any CPU
		{33906401-9067-4AAB-99B1-2A1189CAADD1}.Debug|x64.Build.0 = Debug|Any CPU
		{33906401-9067-4AAB-99B1-2A1189CAADD1}.Debug|x86.ActiveCfg = Debug|Any CPU
		{33906401-9067-4AAB-99B1-2A1189CAADD1}.Debug|x86.Build.0 = Debug|Any CPU
		{33906401-9067-4AAB-99B1-2A1189CAADD1}.Release|Any CPU.ActiveCfg = Release|Any CPU
		{33906401-9067-4AAB-99B1-2A1189CAADD1}.Release|Any CPU.Build.0 = Release|Any CPU
		{33906401-9067-4AAB-99B1-2A1189CAADD1}.Release|x64.ActiveCfg = Release|Any CPU
		{33906401-9067-4AAB-99B1-2A1189CAADD1}.Release|x64.Build.0 = Release|Any CPU
		{33906401-9067-4AAB-99B1-2A1189CAADD1}.Release|x86.ActiveCfg = Release|Any CPU
		{33906401-9067-4AAB-99B1-2A1189CAADD1}.Release|x86.Build.0 = Release|Any CPU
		{7F9F44C8-20E3-4D84-8813-AC6149BF8F69}.Debug|Any CPU.ActiveCfg = Debug|Any CPU
		{7F9F44C8-20E3-4D84-8813-AC6149BF8F69}.Debug|Any CPU.Build.0 = Debug|Any CPU
		{7F9F44C8-20E3-4D84-8813-AC6149BF8F69}.Debug|x64.ActiveCfg = Debug|Any CPU
		{7F9F44C8-20E3-4D84-8813-AC6149BF8F69}.Debug|x64.Build.0 = Debug|Any CPU
		{7F9F44C8-20E3-4D84-8813-AC6149BF8F69}.Debug|x86.ActiveCfg = Debug|Any CPU
		{7F9F44C8-20E3-4D84-8813-AC6149BF8F69}.Debug|x86.Build.0 = Debug|Any CPU
		{7F9F44C8-20E3-4D84-8813-AC6149BF8F69}.Release|Any CPU.ActiveCfg = Release|Any CPU
		{7F9F44C8-20E3-4D84-8813-AC6149BF8F69}.Release|Any CPU.Build.0 = Release|Any CPU
		{7F9F44C8-20E3-4D84-8813-AC6149BF8F69}.Release|x64.ActiveCfg = Release|Any CPU
		{7F9F44C8-20E3-4D84-8813-AC6149BF8F69}.Release|x64.Build.0 = Release|Any CPU
		{7F9F44C8-20E3-4D84-8813-AC6149BF8F69}.Release|x86.ActiveCfg = Release|Any CPU
		{7F9F44C8-20E3-4D84-8813-AC6149BF8F69}.Release|x86.Build.0 = Release|Any CPU
		{0D419197-4BAF-461D-AA0D-C93C0B5CD8F8}.Debug|Any CPU.ActiveCfg = Debug|Any CPU
		{0D419197-4BAF-461D-AA0D-C93C0B5CD8F8}.Debug|Any CPU.Build.0 = Debug|Any CPU
		{0D419197-4BAF-461D-AA0D-C93C0B5CD8F8}.Debug|x64.ActiveCfg = Debug|Any CPU
		{0D419197-4BAF-461D-AA0D-C93C0B5CD8F8}.Debug|x64.Build.0 = Debug|Any CPU
		{0D419197-4BAF-461D-AA0D-C93C0B5CD8F8}.Debug|x86.ActiveCfg = Debug|Any CPU
		{0D419197-4BAF-461D-AA0D-C93C0B5CD8F8}.Debug|x86.Build.0 = Debug|Any CPU
		{0D419197-4BAF-461D-AA0D-C93C0B5CD8F8}.Release|Any CPU.ActiveCfg = Release|Any CPU
		{0D419197-4BAF-461D-AA0D-C93C0B5CD8F8}.Release|Any CPU.Build.0 = Release|Any CPU
		{0D419197-4BAF-461D-AA0D-C93C0B5CD8F8}.Release|x64.ActiveCfg = Release|Any CPU
		{0D419197-4BAF-461D-AA0D-C93C0B5CD8F8}.Release|x64.Build.0 = Release|Any CPU
		{0D419197-4BAF-461D-AA0D-C93C0B5CD8F8}.Release|x86.ActiveCfg = Release|Any CPU
		{0D419197-4BAF-461D-AA0D-C93C0B5CD8F8}.Release|x86.Build.0 = Release|Any CPU
		{24EBD6AC-2572-4E3C-9ABD-B60FCE5C6FF9}.Debug|Any CPU.ActiveCfg = Debug|Any CPU
		{24EBD6AC-2572-4E3C-9ABD-B60FCE5C6FF9}.Debug|Any CPU.Build.0 = Debug|Any CPU
		{24EBD6AC-2572-4E3C-9ABD-B60FCE5C6FF9}.Debug|x64.ActiveCfg = Debug|Any CPU
		{24EBD6AC-2572-4E3C-9ABD-B60FCE5C6FF9}.Debug|x64.Build.0 = Debug|Any CPU
		{24EBD6AC-2572-4E3C-9ABD-B60FCE5C6FF9}.Debug|x86.ActiveCfg = Debug|Any CPU
		{24EBD6AC-2572-4E3C-9ABD-B60FCE5C6FF9}.Debug|x86.Build.0 = Debug|Any CPU
		{24EBD6AC-2572-4E3C-9ABD-B60FCE5C6FF9}.Release|Any CPU.ActiveCfg = Release|Any CPU
		{24EBD6AC-2572-4E3C-9ABD-B60FCE5C6FF9}.Release|Any CPU.Build.0 = Release|Any CPU
		{24EBD6AC-2572-4E3C-9ABD-B60FCE5C6FF9}.Release|x64.ActiveCfg = Release|Any CPU
		{24EBD6AC-2572-4E3C-9ABD-B60FCE5C6FF9}.Release|x64.Build.0 = Release|Any CPU
		{24EBD6AC-2572-4E3C-9ABD-B60FCE5C6FF9}.Release|x86.ActiveCfg = Release|Any CPU
		{24EBD6AC-2572-4E3C-9ABD-B60FCE5C6FF9}.Release|x86.Build.0 = Release|Any CPU
		{A833E23E-769F-4C54-811A-26EA5ECE125C}.Debug|Any CPU.ActiveCfg = Debug|Any CPU
		{A833E23E-769F-4C54-811A-26EA5ECE125C}.Debug|Any CPU.Build.0 = Debug|Any CPU
		{A833E23E-769F-4C54-811A-26EA5ECE125C}.Debug|x64.ActiveCfg = Debug|Any CPU
		{A833E23E-769F-4C54-811A-26EA5ECE125C}.Debug|x64.Build.0 = Debug|Any CPU
		{A833E23E-769F-4C54-811A-26EA5ECE125C}.Debug|x86.ActiveCfg = Debug|Any CPU
		{A833E23E-769F-4C54-811A-26EA5ECE125C}.Debug|x86.Build.0 = Debug|Any CPU
		{A833E23E-769F-4C54-811A-26EA5ECE125C}.Release|Any CPU.ActiveCfg = Release|Any CPU
		{A833E23E-769F-4C54-811A-26EA5ECE125C}.Release|Any CPU.Build.0 = Release|Any CPU
		{A833E23E-769F-4C54-811A-26EA5ECE125C}.Release|x64.ActiveCfg = Release|Any CPU
		{A833E23E-769F-4C54-811A-26EA5ECE125C}.Release|x64.Build.0 = Release|Any CPU
		{A833E23E-769F-4C54-811A-26EA5ECE125C}.Release|x86.ActiveCfg = Release|Any CPU
		{A833E23E-769F-4C54-811A-26EA5ECE125C}.Release|x86.Build.0 = Release|Any CPU
		{C54EC4D0-0E60-43FB-A4E9-73A37E48399A}.Debug|Any CPU.ActiveCfg = Debug|Any CPU
		{C54EC4D0-0E60-43FB-A4E9-73A37E48399A}.Debug|Any CPU.Build.0 = Debug|Any CPU
		{C54EC4D0-0E60-43FB-A4E9-73A37E48399A}.Debug|x64.ActiveCfg = Debug|Any CPU
		{C54EC4D0-0E60-43FB-A4E9-73A37E48399A}.Debug|x64.Build.0 = Debug|Any CPU
		{C54EC4D0-0E60-43FB-A4E9-73A37E48399A}.Debug|x86.ActiveCfg = Debug|Any CPU
		{C54EC4D0-0E60-43FB-A4E9-73A37E48399A}.Debug|x86.Build.0 = Debug|Any CPU
		{C54EC4D0-0E60-43FB-A4E9-73A37E48399A}.Release|Any CPU.ActiveCfg = Release|Any CPU
		{C54EC4D0-0E60-43FB-A4E9-73A37E48399A}.Release|Any CPU.Build.0 = Release|Any CPU
		{C54EC4D0-0E60-43FB-A4E9-73A37E48399A}.Release|x64.ActiveCfg = Release|Any CPU
		{C54EC4D0-0E60-43FB-A4E9-73A37E48399A}.Release|x64.Build.0 = Release|Any CPU
		{C54EC4D0-0E60-43FB-A4E9-73A37E48399A}.Release|x86.ActiveCfg = Release|Any CPU
		{C54EC4D0-0E60-43FB-A4E9-73A37E48399A}.Release|x86.Build.0 = Release|Any CPU
		{573EF33F-DE69-4740-AFF9-B56F2AD3A5A1}.Debug|Any CPU.ActiveCfg = Debug|Any CPU
		{573EF33F-DE69-4740-AFF9-B56F2AD3A5A1}.Debug|Any CPU.Build.0 = Debug|Any CPU
		{573EF33F-DE69-4740-AFF9-B56F2AD3A5A1}.Debug|x64.ActiveCfg = Debug|Any CPU
		{573EF33F-DE69-4740-AFF9-B56F2AD3A5A1}.Debug|x64.Build.0 = Debug|Any CPU
		{573EF33F-DE69-4740-AFF9-B56F2AD3A5A1}.Debug|x86.ActiveCfg = Debug|Any CPU
		{573EF33F-DE69-4740-AFF9-B56F2AD3A5A1}.Debug|x86.Build.0 = Debug|Any CPU
		{573EF33F-DE69-4740-AFF9-B56F2AD3A5A1}.Release|Any CPU.ActiveCfg = Release|Any CPU
		{573EF33F-DE69-4740-AFF9-B56F2AD3A5A1}.Release|Any CPU.Build.0 = Release|Any CPU
		{573EF33F-DE69-4740-AFF9-B56F2AD3A5A1}.Release|x64.ActiveCfg = Release|Any CPU
		{573EF33F-DE69-4740-AFF9-B56F2AD3A5A1}.Release|x64.Build.0 = Release|Any CPU
		{573EF33F-DE69-4740-AFF9-B56F2AD3A5A1}.Release|x86.ActiveCfg = Release|Any CPU
		{573EF33F-DE69-4740-AFF9-B56F2AD3A5A1}.Release|x86.Build.0 = Release|Any CPU
		{DC0D8DA8-CEA8-4648-A90B-40CEFE89FA9A}.Debug|Any CPU.ActiveCfg = Debug|Any CPU
		{DC0D8DA8-CEA8-4648-A90B-40CEFE89FA9A}.Debug|Any CPU.Build.0 = Debug|Any CPU
		{DC0D8DA8-CEA8-4648-A90B-40CEFE89FA9A}.Debug|x64.ActiveCfg = Debug|Any CPU
		{DC0D8DA8-CEA8-4648-A90B-40CEFE89FA9A}.Debug|x64.Build.0 = Debug|Any CPU
		{DC0D8DA8-CEA8-4648-A90B-40CEFE89FA9A}.Debug|x86.ActiveCfg = Debug|Any CPU
		{DC0D8DA8-CEA8-4648-A90B-40CEFE89FA9A}.Debug|x86.Build.0 = Debug|Any CPU
		{DC0D8DA8-CEA8-4648-A90B-40CEFE89FA9A}.Release|Any CPU.ActiveCfg = Release|Any CPU
		{DC0D8DA8-CEA8-4648-A90B-40CEFE89FA9A}.Release|Any CPU.Build.0 = Release|Any CPU
		{DC0D8DA8-CEA8-4648-A90B-40CEFE89FA9A}.Release|x64.ActiveCfg = Release|Any CPU
		{DC0D8DA8-CEA8-4648-A90B-40CEFE89FA9A}.Release|x64.Build.0 = Release|Any CPU
		{DC0D8DA8-CEA8-4648-A90B-40CEFE89FA9A}.Release|x86.ActiveCfg = Release|Any CPU
		{DC0D8DA8-CEA8-4648-A90B-40CEFE89FA9A}.Release|x86.Build.0 = Release|Any CPU
		{3C0A51FD-63DC-44D7-97DF-DE2178DAA404}.Debug|Any CPU.ActiveCfg = Debug|Any CPU
		{3C0A51FD-63DC-44D7-97DF-DE2178DAA404}.Debug|Any CPU.Build.0 = Debug|Any CPU
		{3C0A51FD-63DC-44D7-97DF-DE2178DAA404}.Debug|x64.ActiveCfg = Debug|Any CPU
		{3C0A51FD-63DC-44D7-97DF-DE2178DAA404}.Debug|x64.Build.0 = Debug|Any CPU
		{3C0A51FD-63DC-44D7-97DF-DE2178DAA404}.Debug|x86.ActiveCfg = Debug|Any CPU
		{3C0A51FD-63DC-44D7-97DF-DE2178DAA404}.Debug|x86.Build.0 = Debug|Any CPU
		{3C0A51FD-63DC-44D7-97DF-DE2178DAA404}.Release|Any CPU.ActiveCfg = Release|Any CPU
		{3C0A51FD-63DC-44D7-97DF-DE2178DAA404}.Release|Any CPU.Build.0 = Release|Any CPU
		{3C0A51FD-63DC-44D7-97DF-DE2178DAA404}.Release|x64.ActiveCfg = Release|Any CPU
		{3C0A51FD-63DC-44D7-97DF-DE2178DAA404}.Release|x64.Build.0 = Release|Any CPU
		{3C0A51FD-63DC-44D7-97DF-DE2178DAA404}.Release|x86.ActiveCfg = Release|Any CPU
		{3C0A51FD-63DC-44D7-97DF-DE2178DAA404}.Release|x86.Build.0 = Release|Any CPU
		{1CA3F5B7-8065-456D-9E46-CB092084D479}.Debug|Any CPU.ActiveCfg = Debug|Any CPU
		{1CA3F5B7-8065-456D-9E46-CB092084D479}.Debug|Any CPU.Build.0 = Debug|Any CPU
		{1CA3F5B7-8065-456D-9E46-CB092084D479}.Debug|x64.ActiveCfg = Debug|Any CPU
		{1CA3F5B7-8065-456D-9E46-CB092084D479}.Debug|x64.Build.0 = Debug|Any CPU
		{1CA3F5B7-8065-456D-9E46-CB092084D479}.Debug|x86.ActiveCfg = Debug|Any CPU
		{1CA3F5B7-8065-456D-9E46-CB092084D479}.Debug|x86.Build.0 = Debug|Any CPU
		{1CA3F5B7-8065-456D-9E46-CB092084D479}.Release|Any CPU.ActiveCfg = Release|Any CPU
		{1CA3F5B7-8065-456D-9E46-CB092084D479}.Release|Any CPU.Build.0 = Release|Any CPU
		{1CA3F5B7-8065-456D-9E46-CB092084D479}.Release|x64.ActiveCfg = Release|Any CPU
		{1CA3F5B7-8065-456D-9E46-CB092084D479}.Release|x64.Build.0 = Release|Any CPU
		{1CA3F5B7-8065-456D-9E46-CB092084D479}.Release|x86.ActiveCfg = Release|Any CPU
		{1CA3F5B7-8065-456D-9E46-CB092084D479}.Release|x86.Build.0 = Release|Any CPU
		{E79C59F2-CBCE-4B8A-9569-234502362936}.Debug|Any CPU.ActiveCfg = Debug|Any CPU
		{E79C59F2-CBCE-4B8A-9569-234502362936}.Debug|Any CPU.Build.0 = Debug|Any CPU
		{E79C59F2-CBCE-4B8A-9569-234502362936}.Debug|x64.ActiveCfg = Debug|Any CPU
		{E79C59F2-CBCE-4B8A-9569-234502362936}.Debug|x64.Build.0 = Debug|Any CPU
		{E79C59F2-CBCE-4B8A-9569-234502362936}.Debug|x86.ActiveCfg = Debug|Any CPU
		{E79C59F2-CBCE-4B8A-9569-234502362936}.Debug|x86.Build.0 = Debug|Any CPU
		{E79C59F2-CBCE-4B8A-9569-234502362936}.Release|Any CPU.ActiveCfg = Release|Any CPU
		{E79C59F2-CBCE-4B8A-9569-234502362936}.Release|Any CPU.Build.0 = Release|Any CPU
		{E79C59F2-CBCE-4B8A-9569-234502362936}.Release|x64.ActiveCfg = Release|Any CPU
		{E79C59F2-CBCE-4B8A-9569-234502362936}.Release|x64.Build.0 = Release|Any CPU
		{E79C59F2-CBCE-4B8A-9569-234502362936}.Release|x86.ActiveCfg = Release|Any CPU
		{E79C59F2-CBCE-4B8A-9569-234502362936}.Release|x86.Build.0 = Release|Any CPU
		{83702559-7B1F-435B-BD67-4724D5091341}.Debug|Any CPU.ActiveCfg = Debug|Any CPU
		{83702559-7B1F-435B-BD67-4724D5091341}.Debug|Any CPU.Build.0 = Debug|Any CPU
		{83702559-7B1F-435B-BD67-4724D5091341}.Debug|x64.ActiveCfg = Debug|Any CPU
		{83702559-7B1F-435B-BD67-4724D5091341}.Debug|x64.Build.0 = Debug|Any CPU
		{83702559-7B1F-435B-BD67-4724D5091341}.Debug|x86.ActiveCfg = Debug|Any CPU
		{83702559-7B1F-435B-BD67-4724D5091341}.Debug|x86.Build.0 = Debug|Any CPU
		{83702559-7B1F-435B-BD67-4724D5091341}.Release|Any CPU.ActiveCfg = Release|Any CPU
		{83702559-7B1F-435B-BD67-4724D5091341}.Release|Any CPU.Build.0 = Release|Any CPU
		{83702559-7B1F-435B-BD67-4724D5091341}.Release|x64.ActiveCfg = Release|Any CPU
		{83702559-7B1F-435B-BD67-4724D5091341}.Release|x64.Build.0 = Release|Any CPU
		{83702559-7B1F-435B-BD67-4724D5091341}.Release|x86.ActiveCfg = Release|Any CPU
		{83702559-7B1F-435B-BD67-4724D5091341}.Release|x86.Build.0 = Release|Any CPU
		{88CE4F18-481B-41E3-9D54-7507E0FB8635}.Debug|Any CPU.ActiveCfg = Debug|Any CPU
		{88CE4F18-481B-41E3-9D54-7507E0FB8635}.Debug|Any CPU.Build.0 = Debug|Any CPU
		{88CE4F18-481B-41E3-9D54-7507E0FB8635}.Debug|x64.ActiveCfg = Debug|Any CPU
		{88CE4F18-481B-41E3-9D54-7507E0FB8635}.Debug|x64.Build.0 = Debug|Any CPU
		{88CE4F18-481B-41E3-9D54-7507E0FB8635}.Debug|x86.ActiveCfg = Debug|Any CPU
		{88CE4F18-481B-41E3-9D54-7507E0FB8635}.Debug|x86.Build.0 = Debug|Any CPU
		{88CE4F18-481B-41E3-9D54-7507E0FB8635}.Release|Any CPU.ActiveCfg = Release|Any CPU
		{88CE4F18-481B-41E3-9D54-7507E0FB8635}.Release|Any CPU.Build.0 = Release|Any CPU
		{88CE4F18-481B-41E3-9D54-7507E0FB8635}.Release|x64.ActiveCfg = Release|Any CPU
		{88CE4F18-481B-41E3-9D54-7507E0FB8635}.Release|x64.Build.0 = Release|Any CPU
		{88CE4F18-481B-41E3-9D54-7507E0FB8635}.Release|x86.ActiveCfg = Release|Any CPU
		{88CE4F18-481B-41E3-9D54-7507E0FB8635}.Release|x86.Build.0 = Release|Any CPU
		{2DB833BA-93E6-440B-9310-497981BA99AE}.Debug|Any CPU.ActiveCfg = Debug|Any CPU
		{2DB833BA-93E6-440B-9310-497981BA99AE}.Debug|Any CPU.Build.0 = Debug|Any CPU
		{2DB833BA-93E6-440B-9310-497981BA99AE}.Debug|x64.ActiveCfg = Debug|Any CPU
		{2DB833BA-93E6-440B-9310-497981BA99AE}.Debug|x64.Build.0 = Debug|Any CPU
		{2DB833BA-93E6-440B-9310-497981BA99AE}.Debug|x86.ActiveCfg = Debug|Any CPU
		{2DB833BA-93E6-440B-9310-497981BA99AE}.Debug|x86.Build.0 = Debug|Any CPU
		{2DB833BA-93E6-440B-9310-497981BA99AE}.Release|Any CPU.ActiveCfg = Release|Any CPU
		{2DB833BA-93E6-440B-9310-497981BA99AE}.Release|Any CPU.Build.0 = Release|Any CPU
		{2DB833BA-93E6-440B-9310-497981BA99AE}.Release|x64.ActiveCfg = Release|Any CPU
		{2DB833BA-93E6-440B-9310-497981BA99AE}.Release|x64.Build.0 = Release|Any CPU
		{2DB833BA-93E6-440B-9310-497981BA99AE}.Release|x86.ActiveCfg = Release|Any CPU
		{2DB833BA-93E6-440B-9310-497981BA99AE}.Release|x86.Build.0 = Release|Any CPU
		{9CB0E4EC-75C4-4AAA-8DCB-7B6FFBC40131}.Debug|Any CPU.ActiveCfg = Debug|Any CPU
		{9CB0E4EC-75C4-4AAA-8DCB-7B6FFBC40131}.Debug|Any CPU.Build.0 = Debug|Any CPU
		{9CB0E4EC-75C4-4AAA-8DCB-7B6FFBC40131}.Debug|x64.ActiveCfg = Debug|Any CPU
		{9CB0E4EC-75C4-4AAA-8DCB-7B6FFBC40131}.Debug|x64.Build.0 = Debug|Any CPU
		{9CB0E4EC-75C4-4AAA-8DCB-7B6FFBC40131}.Debug|x86.ActiveCfg = Debug|Any CPU
		{9CB0E4EC-75C4-4AAA-8DCB-7B6FFBC40131}.Debug|x86.Build.0 = Debug|Any CPU
		{9CB0E4EC-75C4-4AAA-8DCB-7B6FFBC40131}.Release|Any CPU.ActiveCfg = Release|Any CPU
		{9CB0E4EC-75C4-4AAA-8DCB-7B6FFBC40131}.Release|Any CPU.Build.0 = Release|Any CPU
		{9CB0E4EC-75C4-4AAA-8DCB-7B6FFBC40131}.Release|x64.ActiveCfg = Release|Any CPU
		{9CB0E4EC-75C4-4AAA-8DCB-7B6FFBC40131}.Release|x64.Build.0 = Release|Any CPU
		{9CB0E4EC-75C4-4AAA-8DCB-7B6FFBC40131}.Release|x86.ActiveCfg = Release|Any CPU
		{9CB0E4EC-75C4-4AAA-8DCB-7B6FFBC40131}.Release|x86.Build.0 = Release|Any CPU
		{9FA78083-78DF-41EC-9E09-A7804545CA56}.Debug|Any CPU.ActiveCfg = Debug|Any CPU
		{9FA78083-78DF-41EC-9E09-A7804545CA56}.Debug|Any CPU.Build.0 = Debug|Any CPU
		{9FA78083-78DF-41EC-9E09-A7804545CA56}.Debug|x64.ActiveCfg = Debug|Any CPU
		{9FA78083-78DF-41EC-9E09-A7804545CA56}.Debug|x64.Build.0 = Debug|Any CPU
		{9FA78083-78DF-41EC-9E09-A7804545CA56}.Debug|x86.ActiveCfg = Debug|Any CPU
		{9FA78083-78DF-41EC-9E09-A7804545CA56}.Debug|x86.Build.0 = Debug|Any CPU
		{9FA78083-78DF-41EC-9E09-A7804545CA56}.Release|Any CPU.ActiveCfg = Release|Any CPU
		{9FA78083-78DF-41EC-9E09-A7804545CA56}.Release|Any CPU.Build.0 = Release|Any CPU
		{9FA78083-78DF-41EC-9E09-A7804545CA56}.Release|x64.ActiveCfg = Release|Any CPU
		{9FA78083-78DF-41EC-9E09-A7804545CA56}.Release|x64.Build.0 = Release|Any CPU
		{9FA78083-78DF-41EC-9E09-A7804545CA56}.Release|x86.ActiveCfg = Release|Any CPU
		{9FA78083-78DF-41EC-9E09-A7804545CA56}.Release|x86.Build.0 = Release|Any CPU
		{A76C9BC3-2341-4DC1-A905-DB082A4F1025}.Debug|Any CPU.ActiveCfg = Debug|Any CPU
		{A76C9BC3-2341-4DC1-A905-DB082A4F1025}.Debug|Any CPU.Build.0 = Debug|Any CPU
		{A76C9BC3-2341-4DC1-A905-DB082A4F1025}.Debug|x64.ActiveCfg = Debug|Any CPU
		{A76C9BC3-2341-4DC1-A905-DB082A4F1025}.Debug|x64.Build.0 = Debug|Any CPU
		{A76C9BC3-2341-4DC1-A905-DB082A4F1025}.Debug|x86.ActiveCfg = Debug|Any CPU
		{A76C9BC3-2341-4DC1-A905-DB082A4F1025}.Debug|x86.Build.0 = Debug|Any CPU
		{A76C9BC3-2341-4DC1-A905-DB082A4F1025}.Release|Any CPU.ActiveCfg = Release|Any CPU
		{A76C9BC3-2341-4DC1-A905-DB082A4F1025}.Release|Any CPU.Build.0 = Release|Any CPU
		{A76C9BC3-2341-4DC1-A905-DB082A4F1025}.Release|x64.ActiveCfg = Release|Any CPU
		{A76C9BC3-2341-4DC1-A905-DB082A4F1025}.Release|x64.Build.0 = Release|Any CPU
		{A76C9BC3-2341-4DC1-A905-DB082A4F1025}.Release|x86.ActiveCfg = Release|Any CPU
		{A76C9BC3-2341-4DC1-A905-DB082A4F1025}.Release|x86.Build.0 = Release|Any CPU
		{102701D5-8EC6-4304-8B63-9BF1C53E9263}.Debug|Any CPU.ActiveCfg = Debug|Any CPU
		{102701D5-8EC6-4304-8B63-9BF1C53E9263}.Debug|Any CPU.Build.0 = Debug|Any CPU
		{102701D5-8EC6-4304-8B63-9BF1C53E9263}.Debug|x64.ActiveCfg = Debug|Any CPU
		{102701D5-8EC6-4304-8B63-9BF1C53E9263}.Debug|x64.Build.0 = Debug|Any CPU
		{102701D5-8EC6-4304-8B63-9BF1C53E9263}.Debug|x86.ActiveCfg = Debug|Any CPU
		{102701D5-8EC6-4304-8B63-9BF1C53E9263}.Debug|x86.Build.0 = Debug|Any CPU
		{102701D5-8EC6-4304-8B63-9BF1C53E9263}.Release|Any CPU.ActiveCfg = Release|Any CPU
		{102701D5-8EC6-4304-8B63-9BF1C53E9263}.Release|Any CPU.Build.0 = Release|Any CPU
		{102701D5-8EC6-4304-8B63-9BF1C53E9263}.Release|x64.ActiveCfg = Release|Any CPU
		{102701D5-8EC6-4304-8B63-9BF1C53E9263}.Release|x64.Build.0 = Release|Any CPU
		{102701D5-8EC6-4304-8B63-9BF1C53E9263}.Release|x86.ActiveCfg = Release|Any CPU
		{102701D5-8EC6-4304-8B63-9BF1C53E9263}.Release|x86.Build.0 = Release|Any CPU
		{3C2B95CD-3F94-4831-AC57-779A14BF2BD3}.Debug|Any CPU.ActiveCfg = Debug|Any CPU
		{3C2B95CD-3F94-4831-AC57-779A14BF2BD3}.Debug|Any CPU.Build.0 = Debug|Any CPU
		{3C2B95CD-3F94-4831-AC57-779A14BF2BD3}.Debug|x64.ActiveCfg = Debug|Any CPU
		{3C2B95CD-3F94-4831-AC57-779A14BF2BD3}.Debug|x64.Build.0 = Debug|Any CPU
		{3C2B95CD-3F94-4831-AC57-779A14BF2BD3}.Debug|x86.ActiveCfg = Debug|Any CPU
		{3C2B95CD-3F94-4831-AC57-779A14BF2BD3}.Debug|x86.Build.0 = Debug|Any CPU
		{3C2B95CD-3F94-4831-AC57-779A14BF2BD3}.Release|Any CPU.ActiveCfg = Release|Any CPU
		{3C2B95CD-3F94-4831-AC57-779A14BF2BD3}.Release|Any CPU.Build.0 = Release|Any CPU
		{3C2B95CD-3F94-4831-AC57-779A14BF2BD3}.Release|x64.ActiveCfg = Release|Any CPU
		{3C2B95CD-3F94-4831-AC57-779A14BF2BD3}.Release|x64.Build.0 = Release|Any CPU
		{3C2B95CD-3F94-4831-AC57-779A14BF2BD3}.Release|x86.ActiveCfg = Release|Any CPU
		{3C2B95CD-3F94-4831-AC57-779A14BF2BD3}.Release|x86.Build.0 = Release|Any CPU
		{CE8C6645-5066-4BE4-A864-DF25A26DF2EA}.Debug|Any CPU.ActiveCfg = Debug|Any CPU
		{CE8C6645-5066-4BE4-A864-DF25A26DF2EA}.Debug|Any CPU.Build.0 = Debug|Any CPU
		{CE8C6645-5066-4BE4-A864-DF25A26DF2EA}.Debug|x64.ActiveCfg = Debug|Any CPU
		{CE8C6645-5066-4BE4-A864-DF25A26DF2EA}.Debug|x64.Build.0 = Debug|Any CPU
		{CE8C6645-5066-4BE4-A864-DF25A26DF2EA}.Debug|x86.ActiveCfg = Debug|Any CPU
		{CE8C6645-5066-4BE4-A864-DF25A26DF2EA}.Debug|x86.Build.0 = Debug|Any CPU
		{CE8C6645-5066-4BE4-A864-DF25A26DF2EA}.Release|Any CPU.ActiveCfg = Release|Any CPU
		{CE8C6645-5066-4BE4-A864-DF25A26DF2EA}.Release|Any CPU.Build.0 = Release|Any CPU
		{CE8C6645-5066-4BE4-A864-DF25A26DF2EA}.Release|x64.ActiveCfg = Release|Any CPU
		{CE8C6645-5066-4BE4-A864-DF25A26DF2EA}.Release|x64.Build.0 = Release|Any CPU
		{CE8C6645-5066-4BE4-A864-DF25A26DF2EA}.Release|x86.ActiveCfg = Release|Any CPU
		{CE8C6645-5066-4BE4-A864-DF25A26DF2EA}.Release|x86.Build.0 = Release|Any CPU
		{279F5A72-2594-4314-9F2B-3F862C8B86BE}.Debug|Any CPU.ActiveCfg = Debug|Any CPU
		{279F5A72-2594-4314-9F2B-3F862C8B86BE}.Debug|Any CPU.Build.0 = Debug|Any CPU
		{279F5A72-2594-4314-9F2B-3F862C8B86BE}.Debug|x64.ActiveCfg = Debug|Any CPU
		{279F5A72-2594-4314-9F2B-3F862C8B86BE}.Debug|x64.Build.0 = Debug|Any CPU
		{279F5A72-2594-4314-9F2B-3F862C8B86BE}.Debug|x86.ActiveCfg = Debug|Any CPU
		{279F5A72-2594-4314-9F2B-3F862C8B86BE}.Debug|x86.Build.0 = Debug|Any CPU
		{279F5A72-2594-4314-9F2B-3F862C8B86BE}.Release|Any CPU.ActiveCfg = Release|Any CPU
		{279F5A72-2594-4314-9F2B-3F862C8B86BE}.Release|Any CPU.Build.0 = Release|Any CPU
		{279F5A72-2594-4314-9F2B-3F862C8B86BE}.Release|x64.ActiveCfg = Release|Any CPU
		{279F5A72-2594-4314-9F2B-3F862C8B86BE}.Release|x64.Build.0 = Release|Any CPU
		{279F5A72-2594-4314-9F2B-3F862C8B86BE}.Release|x86.ActiveCfg = Release|Any CPU
		{279F5A72-2594-4314-9F2B-3F862C8B86BE}.Release|x86.Build.0 = Release|Any CPU
		{972984D0-2770-4619-BBE1-CBF57A2A6287}.Debug|Any CPU.ActiveCfg = Debug|Any CPU
		{972984D0-2770-4619-BBE1-CBF57A2A6287}.Debug|Any CPU.Build.0 = Debug|Any CPU
		{972984D0-2770-4619-BBE1-CBF57A2A6287}.Debug|x64.ActiveCfg = Debug|Any CPU
		{972984D0-2770-4619-BBE1-CBF57A2A6287}.Debug|x64.Build.0 = Debug|Any CPU
		{972984D0-2770-4619-BBE1-CBF57A2A6287}.Debug|x86.ActiveCfg = Debug|Any CPU
		{972984D0-2770-4619-BBE1-CBF57A2A6287}.Debug|x86.Build.0 = Debug|Any CPU
		{972984D0-2770-4619-BBE1-CBF57A2A6287}.Release|Any CPU.ActiveCfg = Release|Any CPU
		{972984D0-2770-4619-BBE1-CBF57A2A6287}.Release|Any CPU.Build.0 = Release|Any CPU
		{972984D0-2770-4619-BBE1-CBF57A2A6287}.Release|x64.ActiveCfg = Release|Any CPU
		{972984D0-2770-4619-BBE1-CBF57A2A6287}.Release|x64.Build.0 = Release|Any CPU
		{972984D0-2770-4619-BBE1-CBF57A2A6287}.Release|x86.ActiveCfg = Release|Any CPU
		{972984D0-2770-4619-BBE1-CBF57A2A6287}.Release|x86.Build.0 = Release|Any CPU
		{67DEA98B-5276-4CE5-8220-FC1F8C3F370F}.Debug|Any CPU.ActiveCfg = Debug|Any CPU
		{67DEA98B-5276-4CE5-8220-FC1F8C3F370F}.Debug|Any CPU.Build.0 = Debug|Any CPU
		{67DEA98B-5276-4CE5-8220-FC1F8C3F370F}.Debug|x64.ActiveCfg = Debug|Any CPU
		{67DEA98B-5276-4CE5-8220-FC1F8C3F370F}.Debug|x64.Build.0 = Debug|Any CPU
		{67DEA98B-5276-4CE5-8220-FC1F8C3F370F}.Debug|x86.ActiveCfg = Debug|Any CPU
		{67DEA98B-5276-4CE5-8220-FC1F8C3F370F}.Debug|x86.Build.0 = Debug|Any CPU
		{67DEA98B-5276-4CE5-8220-FC1F8C3F370F}.Release|Any CPU.ActiveCfg = Release|Any CPU
		{67DEA98B-5276-4CE5-8220-FC1F8C3F370F}.Release|Any CPU.Build.0 = Release|Any CPU
		{67DEA98B-5276-4CE5-8220-FC1F8C3F370F}.Release|x64.ActiveCfg = Release|Any CPU
		{67DEA98B-5276-4CE5-8220-FC1F8C3F370F}.Release|x64.Build.0 = Release|Any CPU
		{67DEA98B-5276-4CE5-8220-FC1F8C3F370F}.Release|x86.ActiveCfg = Release|Any CPU
		{67DEA98B-5276-4CE5-8220-FC1F8C3F370F}.Release|x86.Build.0 = Release|Any CPU
		{B8F868DB-E0A9-4EBC-B25E-54A25ED56817}.Debug|Any CPU.ActiveCfg = Debug|Any CPU
		{B8F868DB-E0A9-4EBC-B25E-54A25ED56817}.Debug|Any CPU.Build.0 = Debug|Any CPU
		{B8F868DB-E0A9-4EBC-B25E-54A25ED56817}.Debug|x64.ActiveCfg = Debug|Any CPU
		{B8F868DB-E0A9-4EBC-B25E-54A25ED56817}.Debug|x64.Build.0 = Debug|Any CPU
		{B8F868DB-E0A9-4EBC-B25E-54A25ED56817}.Debug|x86.ActiveCfg = Debug|Any CPU
		{B8F868DB-E0A9-4EBC-B25E-54A25ED56817}.Debug|x86.Build.0 = Debug|Any CPU
		{B8F868DB-E0A9-4EBC-B25E-54A25ED56817}.Release|Any CPU.ActiveCfg = Release|Any CPU
		{B8F868DB-E0A9-4EBC-B25E-54A25ED56817}.Release|Any CPU.Build.0 = Release|Any CPU
		{B8F868DB-E0A9-4EBC-B25E-54A25ED56817}.Release|x64.ActiveCfg = Release|Any CPU
		{B8F868DB-E0A9-4EBC-B25E-54A25ED56817}.Release|x64.Build.0 = Release|Any CPU
		{B8F868DB-E0A9-4EBC-B25E-54A25ED56817}.Release|x86.ActiveCfg = Release|Any CPU
		{B8F868DB-E0A9-4EBC-B25E-54A25ED56817}.Release|x86.Build.0 = Release|Any CPU
		{B41AC07F-B6DD-4259-A2D4-8D21FEB2320D}.Debug|Any CPU.ActiveCfg = Debug|Any CPU
		{B41AC07F-B6DD-4259-A2D4-8D21FEB2320D}.Debug|Any CPU.Build.0 = Debug|Any CPU
		{B41AC07F-B6DD-4259-A2D4-8D21FEB2320D}.Debug|x64.ActiveCfg = Debug|Any CPU
		{B41AC07F-B6DD-4259-A2D4-8D21FEB2320D}.Debug|x64.Build.0 = Debug|Any CPU
		{B41AC07F-B6DD-4259-A2D4-8D21FEB2320D}.Debug|x86.ActiveCfg = Debug|Any CPU
		{B41AC07F-B6DD-4259-A2D4-8D21FEB2320D}.Debug|x86.Build.0 = Debug|Any CPU
		{B41AC07F-B6DD-4259-A2D4-8D21FEB2320D}.Release|Any CPU.ActiveCfg = Release|Any CPU
		{B41AC07F-B6DD-4259-A2D4-8D21FEB2320D}.Release|Any CPU.Build.0 = Release|Any CPU
		{B41AC07F-B6DD-4259-A2D4-8D21FEB2320D}.Release|x64.ActiveCfg = Release|Any CPU
		{B41AC07F-B6DD-4259-A2D4-8D21FEB2320D}.Release|x64.Build.0 = Release|Any CPU
		{B41AC07F-B6DD-4259-A2D4-8D21FEB2320D}.Release|x86.ActiveCfg = Release|Any CPU
		{B41AC07F-B6DD-4259-A2D4-8D21FEB2320D}.Release|x86.Build.0 = Release|Any CPU
	EndGlobalSection
	GlobalSection(SolutionProperties) = preSolution
		HideSolutionNode = FALSE
	EndGlobalSection
	GlobalSection(NestedProjects) = preSolution
		{33906401-9067-4AAB-99B1-2A1189CAADD1} = {827E0CD3-B72D-47B6-A68D-7590B98EB39B}
		{7F9F44C8-20E3-4D84-8813-AC6149BF8F69} = {827E0CD3-B72D-47B6-A68D-7590B98EB39B}
		{0D419197-4BAF-461D-AA0D-C93C0B5CD8F8} = {0AB3BF05-4346-4AA6-1389-037BE0695223}
		{24EBD6AC-2572-4E3C-9ABD-B60FCE5C6FF9} = {827E0CD3-B72D-47B6-A68D-7590B98EB39B}
		{A833E23E-769F-4C54-811A-26EA5ECE125C} = {827E0CD3-B72D-47B6-A68D-7590B98EB39B}
		{C54EC4D0-0E60-43FB-A4E9-73A37E48399A} = {827E0CD3-B72D-47B6-A68D-7590B98EB39B}
		{573EF33F-DE69-4740-AFF9-B56F2AD3A5A1} = {827E0CD3-B72D-47B6-A68D-7590B98EB39B}
		{DC0D8DA8-CEA8-4648-A90B-40CEFE89FA9A} = {0AB3BF05-4346-4AA6-1389-037BE0695223}
		{3C0A51FD-63DC-44D7-97DF-DE2178DAA404} = {0AB3BF05-4346-4AA6-1389-037BE0695223}
		{1CA3F5B7-8065-456D-9E46-CB092084D479} = {0AB3BF05-4346-4AA6-1389-037BE0695223}
		{E79C59F2-CBCE-4B8A-9569-234502362936} = {827E0CD3-B72D-47B6-A68D-7590B98EB39B}
		{83702559-7B1F-435B-BD67-4724D5091341} = {827E0CD3-B72D-47B6-A68D-7590B98EB39B}
		{EC447DCF-ABFA-6E24-52A5-D7FD48A5C558} = {827E0CD3-B72D-47B6-A68D-7590B98EB39B}
		{3DF52DA8-B83D-8D2B-4D21-700587FC75DB} = {EC447DCF-ABFA-6E24-52A5-D7FD48A5C558}
		{88CE4F18-481B-41E3-9D54-7507E0FB8635} = {3DF52DA8-B83D-8D2B-4D21-700587FC75DB}
		{03997797-E7F5-0643-168D-B8EA7178C2FE} = {827E0CD3-B72D-47B6-A68D-7590B98EB39B}
		{DB899A70-87D6-56B2-4D60-B71BC0C6AC19} = {03997797-E7F5-0643-168D-B8EA7178C2FE}
		{DAF20A4E-1F65-5500-8E50-6D8CD6F4829A} = {DB899A70-87D6-56B2-4D60-B71BC0C6AC19}
		{2DB833BA-93E6-440B-9310-497981BA99AE} = {DAF20A4E-1F65-5500-8E50-6D8CD6F4829A}
		{CEA09484-30F6-4D44-02F6-822E06DBC57C} = {827E0CD3-B72D-47B6-A68D-7590B98EB39B}
		{5A0BAC9C-026E-7ACA-E8ED-CA74998973C5} = {CEA09484-30F6-4D44-02F6-822E06DBC57C}
		{9CB0E4EC-75C4-4AAA-8DCB-7B6FFBC40131} = {5A0BAC9C-026E-7ACA-E8ED-CA74998973C5}
		{FAA8119B-AA7A-1BC1-126F-7760766D0C16} = {827E0CD3-B72D-47B6-A68D-7590B98EB39B}
		{59E6F2BB-0E08-F9AD-94A1-7F05BF6AD86C} = {FAA8119B-AA7A-1BC1-126F-7760766D0C16}
		{9FA78083-78DF-41EC-9E09-A7804545CA56} = {59E6F2BB-0E08-F9AD-94A1-7F05BF6AD86C}
		{31ECC41D-E2FA-64F3-E3B5-79DEEDFE2750} = {EC447DCF-ABFA-6E24-52A5-D7FD48A5C558}
		{A76C9BC3-2341-4DC1-A905-DB082A4F1025} = {31ECC41D-E2FA-64F3-E3B5-79DEEDFE2750}
		{3217FC3D-1E18-1AD7-8C3D-3FBA06EAD842} = {DB899A70-87D6-56B2-4D60-B71BC0C6AC19}
		{102701D5-8EC6-4304-8B63-9BF1C53E9263} = {3217FC3D-1E18-1AD7-8C3D-3FBA06EAD842}
		{1B8F7F78-E44E-B657-9A10-85D8F3FF0347} = {CEA09484-30F6-4D44-02F6-822E06DBC57C}
		{3C2B95CD-3F94-4831-AC57-779A14BF2BD3} = {1B8F7F78-E44E-B657-9A10-85D8F3FF0347}
		{AEB1AB33-D7A8-8071-7155-6D8F356BCC78} = {03997797-E7F5-0643-168D-B8EA7178C2FE}
		{CE8C6645-5066-4BE4-A864-DF25A26DF2EA} = {AEB1AB33-D7A8-8071-7155-6D8F356BCC78}
		{44F8D47F-22CC-4E25-9416-A989855958A0} = {FAA8119B-AA7A-1BC1-126F-7760766D0C16}
		{279F5A72-2594-4314-9F2B-3F862C8B86BE} = {44F8D47F-22CC-4E25-9416-A989855958A0}
		{68106B6F-7600-51D6-440C-E064911388C7} = {FAA8119B-AA7A-1BC1-126F-7760766D0C16}
		{972984D0-2770-4619-BBE1-CBF57A2A6287} = {68106B6F-7600-51D6-440C-E064911388C7}
		{237CDB4C-E7C4-795B-969A-4CCB7C8B335B} = {827E0CD3-B72D-47B6-A68D-7590B98EB39B}
		{37BBC434-6B80-4103-6230-566D0BAA8BCE} = {237CDB4C-E7C4-795B-969A-4CCB7C8B335B}
		{67DEA98B-5276-4CE5-8220-FC1F8C3F370F} = {37BBC434-6B80-4103-6230-566D0BAA8BCE}
		{9048EB7F-3875-A59E-E36B-5BD4C6F2A282} = {827E0CD3-B72D-47B6-A68D-7590B98EB39B}
		{F953B7FB-7AE3-4150-85DB-187B390CFA5A} = {9048EB7F-3875-A59E-E36B-5BD4C6F2A282}
		{B8F868DB-E0A9-4EBC-B25E-54A25ED56817} = {F953B7FB-7AE3-4150-85DB-187B390CFA5A}
		{80EEF130-7592-4B6B-60A1-C320E7924423} = {CEA09484-30F6-4D44-02F6-822E06DBC57C}
		{B41AC07F-B6DD-4259-A2D4-8D21FEB2320D} = {80EEF130-7592-4B6B-60A1-C320E7924423}
	EndGlobalSection
EndGlobal
