
Microsoft Visual Studio Solution File, Format Version 12.00
# Visual Studio Version 17
VisualStudioVersion = 17.0.31903.59
MinimumVisualStudioVersion = 10.0.40219.1
Project("{FAE04EC0-301F-11D3-BF4B-00C04F79EFBC}") = "Citus.Accounting.Domain", "src\Citus.Accounting.Domain\Citus.Accounting.Domain.csproj", "{277AC3AD-3954-468B-8223-DCDAFD9C2342}"
EndProject
Project("{FAE04EC0-301F-11D3-BF4B-00C04F79EFBC}") = "Citus.Accounting.Application", "src\Citus.Accounting.Application\Citus.Accounting.Application.csproj", "{1CC8FB53-BFAA-4151-94BF-6F686852DE94}"
EndProject
Project("{FAE04EC0-301F-11D3-BF4B-00C04F79EFBC}") = "Citus.Accounting.Infrastructure", "src\Citus.Accounting.Infrastructure\Citus.Accounting.Infrastructure.csproj", "{59B08C19-C54D-4F3A-9A73-6C9437C951F5}"
EndProject
Project("{FAE04EC0-301F-11D3-BF4B-00C04F79EFBC}") = "Citus.Accounting.Api", "src\Citus.Accounting.Api\Citus.Accounting.Api.csproj", "{35522C30-AE72-401E-A287-93CD81F2D3CF}"
EndProject
Project("{FAE04EC0-301F-11D3-BF4B-00C04F79EFBC}") = "Citus.SysAdmin.Api", "src\Citus.SysAdmin.Api\Citus.SysAdmin.Api.csproj", "{174AE5B1-71AC-4054-94AA-C9277A9FF86F}"
EndProject
Project("{FAE04EC0-301F-11D3-BF4B-00C04F79EFBC}") = "Citus.Accounting.Domain.Tests", "tests\Citus.Accounting.Domain.Tests\Citus.Accounting.Domain.Tests.csproj", "{41C1681B-0FE3-493E-A112-B8F6106F6E92}"
EndProject
Project("{FAE04EC0-301F-11D3-BF4B-00C04F79EFBC}") = "Citus.Accounting.Application.Tests", "tests\Citus.Accounting.Application.Tests\Citus.Accounting.Application.Tests.csproj", "{8294645E-96F0-41B7-A369-30BB8D164A2C}"
EndProject
Project("{FAE04EC0-301F-11D3-BF4B-00C04F79EFBC}") = "Citus.Accounting.IntegrationTests", "tests\Citus.Accounting.IntegrationTests\Citus.Accounting.IntegrationTests.csproj", "{2E6CB46E-9D58-45A0-A85F-995B56C4EC14}"
EndProject
Project("{2150E333-8FDC-42A3-9474-1A3956D46DE8}") = "src", "src", "{827E0CD3-B72D-47B6-A68D-7590B98EB39B}"
EndProject
Project("{FAE04EC0-301F-11D3-BF4B-00C04F79EFBC}") = "Citus.Platform.Core", "src\Citus.Platform.Core\Citus.Platform.Core.csproj", "{33906401-9067-4AAB-99B1-2A1189CAADD1}"
EndProject
Project("{FAE04EC0-301F-11D3-BF4B-00C04F79EFBC}") = "Citus.Platform.Infrastructure", "src\Citus.Platform.Infrastructure\Citus.Platform.Infrastructure.csproj", "{7F9F44C8-20E3-4D84-8813-AC6149BF8F69}"
EndProject
Project("{2150E333-8FDC-42A3-9474-1A3956D46DE8}") = "tests", "tests", "{0AB3BF05-4346-4AA6-1389-037BE0695223}"
EndProject
Project("{FAE04EC0-301F-11D3-BF4B-00C04F79EFBC}") = "Citus.Platform.Core.Tests", "tests\Citus.Platform.Core.Tests\Citus.Platform.Core.Tests.csproj", "{0D419197-4BAF-461D-AA0D-C93C0B5CD8F8}"
EndProject
Project("{FAE04EC0-301F-11D3-BF4B-00C04F79EFBC}") = "Citus.ConsoleApp", "src\Citus.ConsoleApp\Citus.ConsoleApp.csproj", "{24EBD6AC-2572-4E3C-9ABD-B60FCE5C6FF9}"
EndProject
Project("{FAE04EC0-301F-11D3-BF4B-00C04F79EFBC}") = "Citus.SysAdmin.Blazor", "src\Citus.SysAdmin.Blazor\Citus.SysAdmin.Blazor.csproj", "{A833E23E-769F-4C54-811A-26EA5ECE125C}"
EndProject
Project("{FAE04EC0-301F-11D3-BF4B-00C04F79EFBC}") = "Citus.Ui.Shared", "src\Citus.Ui.Shared\Citus.Ui.Shared.csproj", "{C54EC4D0-0E60-43FB-A4E9-73A37E48399A}"
EndProject
Project("{FAE04EC0-301F-11D3-BF4B-00C04F79EFBC}") = "Citus.Gateway", "src\Citus.Gateway\Citus.Gateway.csproj", "{573EF33F-DE69-4740-AFF9-B56F2AD3A5A1}"
EndProject
Project("{FAE04EC0-301F-11D3-BF4B-00C04F79EFBC}") = "Citus.SysAdmin.Api.Tests", "tests\Citus.SysAdmin.Api.Tests\Citus.SysAdmin.Api.Tests.csproj", "{DC0D8DA8-CEA8-4648-A90B-40CEFE89FA9A}"
EndProject
Project("{FAE04EC0-301F-11D3-BF4B-00C04F79EFBC}") = "Citus.Accounting.Api.Tests", "tests\Citus.Accounting.Api.Tests\Citus.Accounting.Api.Tests.csproj", "{3C0A51FD-63DC-44D7-97DF-DE2178DAA404}"
EndProject
Project("{FAE04EC0-301F-11D3-BF4B-00C04F79EFBC}") = "Citus.Business.Blazor.Tests", "tests\Citus.Business.Blazor.Tests\Citus.Business.Blazor.Tests.csproj", "{1CA3F5B7-8065-456D-9E46-CB092084D479}"
EndProject
Project("{FAE04EC0-301F-11D3-BF4B-00C04F79EFBC}") = "Citus.Business.Blazor", "src\Citus.Business.Blazor\Citus.Business.Blazor.csproj", "{E79C59F2-CBCE-4B8A-9569-234502362936}"
EndProject
Project("{FAE04EC0-301F-11D3-BF4B-00C04F79EFBC}") = "SharedKernel", "src\SharedKernel\SharedKernel.csproj", "{83702559-7B1F-435B-BD67-4724D5091341}"
EndProject
Project("{2150E333-8FDC-42A3-9474-1A3956D46DE8}") = "Modules", "Modules", "{EC447DCF-ABFA-6E24-52A5-D7FD48A5C558}"
EndProject
Project("{2150E333-8FDC-42A3-9474-1A3956D46DE8}") = "Reports", "Reports", "{3DF52DA8-B83D-8D2B-4D21-700587FC75DB}"
EndProject
Project("{FAE04EC0-301F-11D3-BF4B-00C04F79EFBC}") = "Modules.Reports", "src\Modules\Reports\Modules.Reports.csproj", "{88CE4F18-481B-41E3-9D54-7507E0FB8635}"
EndProject
Project("{2150E333-8FDC-42A3-9474-1A3956D46DE8}") = "Tests", "Tests", "{CEA09484-30F6-4D44-02F6-822E06DBC57C}"
EndProject
Project("{2150E333-8FDC-42A3-9474-1A3956D46DE8}") = "Reports", "Reports", "{5A0BAC9C-026E-7ACA-E8ED-CA74998973C5}"
EndProject
Project("{FAE04EC0-301F-11D3-BF4B-00C04F79EFBC}") = "Tests.Reports", "src\Tests\Reports\Tests.Reports.csproj", "{9CB0E4EC-75C4-4AAA-8DCB-7B6FFBC40131}"
EndProject
Project("{2150E333-8FDC-42A3-9474-1A3956D46DE8}") = "Engines", "Engines", "{FAA8119B-AA7A-1BC1-126F-7760766D0C16}"
EndProject
Project("{2150E333-8FDC-42A3-9474-1A3956D46DE8}") = "Posting", "Posting", "{59E6F2BB-0E08-F9AD-94A1-7F05BF6AD86C}"
EndProject
Project("{FAE04EC0-301F-11D3-BF4B-00C04F79EFBC}") = "Engines.Posting", "src\Engines\Posting\Engines.Posting.csproj", "{9FA78083-78DF-41EC-9E09-A7804545CA56}"
EndProject
Project("{2150E333-8FDC-42A3-9474-1A3956D46DE8}") = "GL", "GL", "{31ECC41D-E2FA-64F3-E3B5-79DEEDFE2750}"
EndProject
Project("{FAE04EC0-301F-11D3-BF4B-00C04F79EFBC}") = "Modules.GL", "src\Modules\GL\Modules.GL.csproj", "{A76C9BC3-2341-4DC1-A905-DB082A4F1025}"
EndProject
Project("{2150E333-8FDC-42A3-9474-1A3956D46DE8}") = "GL", "GL", "{1B8F7F78-E44E-B657-9A10-85D8F3FF0347}"
EndProject
Project("{FAE04EC0-301F-11D3-BF4B-00C04F79EFBC}") = "Tests.GL", "src\Tests\GL\Tests.GL.csproj", "{3C2B95CD-3F94-4831-AC57-779A14BF2BD3}"
EndProject
Project("{2150E333-8FDC-42A3-9474-1A3956D46DE8}") = "FX", "FX", "{44F8D47F-22CC-4E25-9416-A989855958A0}"
EndProject
Project("{FAE04EC0-301F-11D3-BF4B-00C04F79EFBC}") = "Engines.FX", "src\Engines\FX\Engines.FX.csproj", "{279F5A72-2594-4314-9F2B-3F862C8B86BE}"
EndProject
Project("{2150E333-8FDC-42A3-9474-1A3956D46DE8}") = "Numbering", "Numbering", "{68106B6F-7600-51D6-440C-E064911388C7}"
EndProject
Project("{FAE04EC0-301F-11D3-BF4B-00C04F79EFBC}") = "Engines.Numbering", "src\Engines\Numbering\Engines.Numbering.csproj", "{972984D0-2770-4619-BBE1-CBF57A2A6287}"
EndProject
Project("{2150E333-8FDC-42A3-9474-1A3956D46DE8}") = "Connectors", "Connectors", "{237CDB4C-E7C4-795B-969A-4CCB7C8B335B}"
EndProject
Project("{2150E333-8FDC-42A3-9474-1A3956D46DE8}") = "FX", "FX", "{37BBC434-6B80-4103-6230-566D0BAA8BCE}"
EndProject
Project("{FAE04EC0-301F-11D3-BF4B-00C04F79EFBC}") = "Connectors.FX", "src\Connectors\FX\Connectors.FX.csproj", "{67DEA98B-5276-4CE5-8220-FC1F8C3F370F}"
EndProject
Project("{2150E333-8FDC-42A3-9474-1A3956D46DE8}") = "Infrastructure", "Infrastructure", "{9048EB7F-3875-A59E-E36B-5BD4C6F2A282}"
EndProject
Project("{2150E333-8FDC-42A3-9474-1A3956D46DE8}") = "PostgreSQL", "PostgreSQL", "{F953B7FB-7AE3-4150-85DB-187B390CFA5A}"
EndProject
Project("{FAE04EC0-301F-11D3-BF4B-00C04F79EFBC}") = "Infrastructure.PostgreSQL", "src\Infrastructure\PostgreSQL\Infrastructure.PostgreSQL.csproj", "{B8F868DB-E0A9-4EBC-B25E-54A25ED56817}"
EndProject
Project("{2150E333-8FDC-42A3-9474-1A3956D46DE8}") = "Infrastructure", "Infrastructure", "{80EEF130-7592-4B6B-60A1-C320E7924423}"
EndProject
Project("{FAE04EC0-301F-11D3-BF4B-00C04F79EFBC}") = "Tests.Infrastructure", "src\Tests\Infrastructure\Tests.Infrastructure.csproj", "{B41AC07F-B6DD-4259-A2D4-8D21FEB2320D}"
EndProject
Project("{2150E333-8FDC-42A3-9474-1A3956D46DE8}") = "Company", "Company", "{80D43502-D511-F4F3-D744-2CAA568BAC14}"
EndProject
Project("{FAE04EC0-301F-11D3-BF4B-00C04F79EFBC}") = "Modules.Company", "src\Modules\Company\Modules.Company.csproj", "{59269F2E-C69C-43CA-9D12-3939CB59C35F}"
EndProject
Project("{2150E333-8FDC-42A3-9474-1A3956D46DE8}") = "AR", "AR", "{49A3CA64-3BD6-ACE7-4728-47131A4D7966}"
EndProject
Project("{FAE04EC0-301F-11D3-BF4B-00C04F79EFBC}") = "Modules.AR", "src\Modules\AR\Modules.AR.csproj", "{0B8335D2-050C-46D0-BDC7-4B2FF102F523}"
EndProject
Project("{2150E333-8FDC-42A3-9474-1A3956D46DE8}") = "AP", "AP", "{D1498559-D14B-822D-74BB-B0A0645385A1}"
EndProject
Project("{FAE04EC0-301F-11D3-BF4B-00C04F79EFBC}") = "Modules.AP", "src\Modules\AP\Modules.AP.csproj", "{000FC243-DF22-4BA0-8986-AFFC5148A8D1}"
EndProject
Project("{2150E333-8FDC-42A3-9474-1A3956D46DE8}") = "Company", "Company", "{0B6535A7-C94D-FA27-199D-605698E30717}"
EndProject
Project("{FAE04EC0-301F-11D3-BF4B-00C04F79EFBC}") = "Tests.Company", "src\Tests\Company\Tests.Company.csproj", "{F9D1640C-0B5D-4AC0-9554-93B73C406840}"
EndProject
Project("{2150E333-8FDC-42A3-9474-1A3956D46DE8}") = "AR", "AR", "{7E6B4E5E-9F53-2671-2387-617EF544BF6D}"
EndProject
Project("{FAE04EC0-301F-11D3-BF4B-00C04F79EFBC}") = "Tests.AR", "src\Tests\AR\Tests.AR.csproj", "{8AE365B9-4C74-4183-8E60-609707D33D50}"
EndProject
Project("{2150E333-8FDC-42A3-9474-1A3956D46DE8}") = "AP", "AP", "{8075805D-074E-7AD5-2655-B9C1D2C7A10E}"
EndProject
Project("{FAE04EC0-301F-11D3-BF4B-00C04F79EFBC}") = "Tests.AP", "src\Tests\AP\Tests.AP.csproj", "{EEE2B7E7-96FF-43E0-8BDC-85BE796AA6EB}"
EndProject
Project("{2150E333-8FDC-42A3-9474-1A3956D46DE8}") = "CompanyAccess", "CompanyAccess", "{72365B55-372C-9EF0-4407-9FD0B18ADFBB}"
EndProject
Project("{FAE04EC0-301F-11D3-BF4B-00C04F79EFBC}") = "Tests.CompanyAccess", "src\Tests\CompanyAccess\Tests.CompanyAccess.csproj", "{2DA40DCF-616A-4FC3-80A9-2D58013BDFC5}"
EndProject
Project("{2150E333-8FDC-42A3-9474-1A3956D46DE8}") = "CompanyAccess", "CompanyAccess", "{B143EE0E-0A64-FFD7-09D7-FF688C793161}"
EndProject
Project("{FAE04EC0-301F-11D3-BF4B-00C04F79EFBC}") = "Modules.CompanyAccess", "src\Modules\CompanyAccess\Modules.CompanyAccess.csproj", "{E7405C2C-38A4-4780-A5F5-AB0825F22E15}"
EndProject
Project("{2150E333-8FDC-42A3-9474-1A3956D46DE8}") = "SharedKernel", "SharedKernel", "{64AB794F-C05E-4D80-DE6C-4AD8FCE53CB5}"
EndProject
Project("{FAE04EC0-301F-11D3-BF4B-00C04F79EFBC}") = "Tests.SharedKernel", "src\Tests\SharedKernel\Tests.SharedKernel.csproj", "{58399F79-91EA-4E9D-997C-A5BC51AD5C04}"
EndProject
Project("{2150E333-8FDC-42A3-9474-1A3956D46DE8}") = "Identity", "Identity", "{DCE0B168-5583-A061-B658-D73D15A81CB8}"
EndProject
Project("{FAE04EC0-301F-11D3-BF4B-00C04F79EFBC}") = "Tests.Identity", "src\Tests\Identity\Tests.Identity.csproj", "{36EE42D7-2B20-4D14-A554-4100E9EA320F}"
EndProject
Project("{FAE04EC0-301F-11D3-BF4B-00C04F79EFBC}") = "Aiseworks.DesktopShell", "src\Aiseworks.DesktopShell\Aiseworks.DesktopShell.csproj", "{41068B45-6B8D-4B9D-8EC8-0820040199CC}"
EndProject
Project("{FAE04EC0-301F-11D3-BF4B-00C04F79EFBC}") = "Aiseworks.ServerConsole", "src\Aiseworks.ServerConsole\Aiseworks.ServerConsole.csproj", "{D52BE201-BD4F-4AE0-B423-548104C22D68}"
EndProject
Project("{2150E333-8FDC-42A3-9474-1A3956D46DE8}") = "Tasks", "Tasks", "{4C6BDAE4-8D09-3162-71E4-914813D2EA71}"
EndProject
Project("{2150E333-8FDC-42A3-9474-1A3956D46DE8}") = "Domain.Shared", "Domain.Shared", "{F9F2AC4E-2A23-0368-3C4E-878E578BD8D8}"
EndProject
Project("{FAE04EC0-301F-11D3-BF4B-00C04F79EFBC}") = "Citus.Modules.Tasks.Domain.Shared", "src\Modules\Tasks\Domain.Shared\Citus.Modules.Tasks.Domain.Shared.csproj", "{6D5D20B7-26D5-48E2-B5CB-F63A8CA8047C}"
EndProject
Project("{2150E333-8FDC-42A3-9474-1A3956D46DE8}") = "Application.Contracts", "Application.Contracts", "{6CEAEAE0-3FEA-3937-878D-35C7773D2BC1}"
EndProject
Project("{FAE04EC0-301F-11D3-BF4B-00C04F79EFBC}") = "Citus.Modules.Tasks.Application.Contracts", "src\Modules\Tasks\Application.Contracts\Citus.Modules.Tasks.Application.Contracts.csproj", "{0145880C-DA70-4EBD-9829-4FE9224A04ED}"
EndProject
Project("{2150E333-8FDC-42A3-9474-1A3956D46DE8}") = "Application", "Application", "{F8933E5F-E09D-A23F-070C-12BE9F98CB40}"
EndProject
Project("{FAE04EC0-301F-11D3-BF4B-00C04F79EFBC}") = "Citus.Modules.Tasks.Application", "src\Modules\Tasks\Application\Citus.Modules.Tasks.Application.csproj", "{865D04E1-F850-4237-A2C1-A433AA38AC1D}"
EndProject
Project("{2150E333-8FDC-42A3-9474-1A3956D46DE8}") = "Inventory", "Inventory", "{18C073E0-6CB1-4693-3636-BFEE619A6192}"
EndProject
Project("{2150E333-8FDC-42A3-9474-1A3956D46DE8}") = "Application.Contracts", "Application.Contracts", "{F8469CCB-15E9-81F9-BE15-F54D1704C402}"
EndProject
Project("{FAE04EC0-301F-11D3-BF4B-00C04F79EFBC}") = "Citus.Modules.Inventory.Application.Contracts", "src\Modules\Inventory\Application.Contracts\Citus.Modules.Inventory.Application.Contracts.csproj", "{86B203C3-85A1-486A-8BA9-CC13A6AB67AC}"
EndProject
Project("{2150E333-8FDC-42A3-9474-1A3956D46DE8}") = "Domain.Shared", "Domain.Shared", "{C209B51E-608D-A428-C6DD-B6C7B26A51B9}"
EndProject
Project("{FAE04EC0-301F-11D3-BF4B-00C04F79EFBC}") = "Citus.Modules.Inventory.Domain.Shared", "src\Modules\Inventory\Domain.Shared\Citus.Modules.Inventory.Domain.Shared.csproj", "{FF39738B-1EF2-483A-B7B3-DEF432678F79}"
EndProject
Project("{2150E333-8FDC-42A3-9474-1A3956D46DE8}") = "UnitySearch", "UnitySearch", "{B130B108-9E80-AFBA-3E31-BCDB13233224}"
EndProject
Project("{2150E333-8FDC-42A3-9474-1A3956D46DE8}") = "Application.Contracts", "Application.Contracts", "{7184D765-C355-5F2F-541A-50DF491CFF6E}"
EndProject
Project("{FAE04EC0-301F-11D3-BF4B-00C04F79EFBC}") = "Citus.Modules.UnitySearch.Application.Contracts", "src\Modules\UnitySearch\Application.Contracts\Citus.Modules.UnitySearch.Application.Contracts.csproj", "{1CB0A95B-F2F5-4233-AAB5-29526AACD09D}"
EndProject
Project("{2150E333-8FDC-42A3-9474-1A3956D46DE8}") = "Domain.Shared", "Domain.Shared", "{56D3B7C0-4433-7146-9277-DBB7116F9942}"
EndProject
Project("{FAE04EC0-301F-11D3-BF4B-00C04F79EFBC}") = "Citus.Modules.UnitySearch.Domain.Shared", "src\Modules\UnitySearch\Domain.Shared\Citus.Modules.UnitySearch.Domain.Shared.csproj", "{05B84AD8-0671-42E6-9D78-73745FFC3D6D}"
EndProject
Project("{FAE04EC0-301F-11D3-BF4B-00C04F79EFBC}") = "Aiseworks.ApiClient", "src\Aiseworks.ApiClient\Aiseworks.ApiClient.csproj", "{4FBBF9C5-3714-4398-B963-F9D5C576ECD4}"
EndProject
Project("{FAE04EC0-301F-11D3-BF4B-00C04F79EFBC}") = "Aiseworks.DesktopArchitecture.Tests", "tests\Aiseworks.DesktopArchitecture.Tests\Aiseworks.DesktopArchitecture.Tests.csproj", "{397177F5-576B-45AC-ACAD-4552154426B0}"
EndProject
Global
	GlobalSection(SolutionConfigurationPlatforms) = preSolution
		Debug|Any CPU = Debug|Any CPU
		Debug|x64 = Debug|x64
		Debug|x86 = Debug|x86
		Release|Any CPU = Release|Any CPU
		Release|x64 = Release|x64
		Release|x86 = Release|x86
	EndGlobalSection
	GlobalSection(ProjectConfigurationPlatforms) = postSolution
		{277AC3AD-3954-468B-8223-DCDAFD9C2342}.Debug|Any CPU.ActiveCfg = Debug|Any CPU
		{277AC3AD-3954-468B-8223-DCDAFD9C2342}.Debug|Any CPU.Build.0 = Debug|Any CPU
		{277AC3AD-3954-468B-8223-DCDAFD9C2342}.Debug|x64.ActiveCfg = Debug|Any CPU
		{277AC3AD-3954-468B-8223-DCDAFD9C2342}.Debug|x64.Build.0 = Debug|Any CPU
		{277AC3AD-3954-468B-8223-DCDAFD9C2342}.Debug|x86.ActiveCfg = Debug|Any CPU
		{277AC3AD-3954-468B-8223-DCDAFD9C2342}.Debug|x86.Build.0 = Debug|Any CPU
		{277AC3AD-3954-468B-8223-DCDAFD9C2342}.Release|Any CPU.ActiveCfg = Release|Any CPU
		{277AC3AD-3954-468B-8223-DCDAFD9C2342}.Release|Any CPU.Build.0 = Release|Any CPU
		{277AC3AD-3954-468B-8223-DCDAFD9C2342}.Release|x64.ActiveCfg = Release|Any CPU
		{277AC3AD-3954-468B-8223-DCDAFD9C2342}.Release|x64.Build.0 = Release|Any CPU
		{277AC3AD-3954-468B-8223-DCDAFD9C2342}.Release|x86.ActiveCfg = Release|Any CPU
		{277AC3AD-3954-468B-8223-DCDAFD9C2342}.Release|x86.Build.0 = Release|Any CPU
		{1CC8FB53-BFAA-4151-94BF-6F686852DE94}.Debug|Any CPU.ActiveCfg = Debug|Any CPU
		{1CC8FB53-BFAA-4151-94BF-6F686852DE94}.Debug|Any CPU.Build.0 = Debug|Any CPU
		{1CC8FB53-BFAA-4151-94BF-6F686852DE94}.Debug|x64.ActiveCfg = Debug|Any CPU
		{1CC8FB53-BFAA-4151-94BF-6F686852DE94}.Debug|x64.Build.0 = Debug|Any CPU
		{1CC8FB53-BFAA-4151-94BF-6F686852DE94}.Debug|x86.ActiveCfg = Debug|Any CPU
		{1CC8FB53-BFAA-4151-94BF-6F686852DE94}.Debug|x86.Build.0 = Debug|Any CPU
		{1CC8FB53-BFAA-4151-94BF-6F686852DE94}.Release|Any CPU.ActiveCfg = Release|Any CPU
		{1CC8FB53-BFAA-4151-94BF-6F686852DE94}.Release|Any CPU.Build.0 = Release|Any CPU
		{1CC8FB53-BFAA-4151-94BF-6F686852DE94}.Release|x64.ActiveCfg = Release|Any CPU
		{1CC8FB53-BFAA-4151-94BF-6F686852DE94}.Release|x64.Build.0 = Release|Any CPU
		{1CC8FB53-BFAA-4151-94BF-6F686852DE94}.Release|x86.ActiveCfg = Release|Any CPU
		{1CC8FB53-BFAA-4151-94BF-6F686852DE94}.Release|x86.Build.0 = Release|Any CPU
		{59B08C19-C54D-4F3A-9A73-6C9437C951F5}.Debug|Any CPU.ActiveCfg = Debug|Any CPU
		{59B08C19-C54D-4F3A-9A73-6C9437C951F5}.Debug|Any CPU.Build.0 = Debug|Any CPU
		{59B08C19-C54D-4F3A-9A73-6C9437C951F5}.Debug|x64.ActiveCfg = Debug|Any CPU
		{59B08C19-C54D-4F3A-9A73-6C9437C951F5}.Debug|x64.Build.0 = Debug|Any CPU
		{59B08C19-C54D-4F3A-9A73-6C9437C951F5}.Debug|x86.ActiveCfg = Debug|Any CPU
		{59B08C19-C54D-4F3A-9A73-6C9437C951F5}.Debug|x86.Build.0 = Debug|Any CPU
		{59B08C19-C54D-4F3A-9A73-6C9437C951F5}.Release|Any CPU.ActiveCfg = Release|Any CPU
		{59B08C19-C54D-4F3A-9A73-6C9437C951F5}.Release|Any CPU.Build.0 = Release|Any CPU
		{59B08C19-C54D-4F3A-9A73-6C9437C951F5}.Release|x64.ActiveCfg = Release|Any CPU
		{59B08C19-C54D-4F3A-9A73-6C9437C951F5}.Release|x64.Build.0 = Release|Any CPU
		{59B08C19-C54D-4F3A-9A73-6C9437C951F5}.Release|x86.ActiveCfg = Release|Any CPU
		{59B08C19-C54D-4F3A-9A73-6C9437C951F5}.Release|x86.Build.0 = Release|Any CPU
		{35522C30-AE72-401E-A287-93CD81F2D3CF}.Debug|Any CPU.ActiveCfg = Debug|Any CPU
		{35522C30-AE72-401E-A287-93CD81F2D3CF}.Debug|Any CPU.Build.0 = Debug|Any CPU
		{35522C30-AE72-401E-A287-93CD81F2D3CF}.Debug|x64.ActiveCfg = Debug|Any CPU
		{35522C30-AE72-401E-A287-93CD81F2D3CF}.Debug|x64.Build.0 = Debug|Any CPU
		{35522C30-AE72-401E-A287-93CD81F2D3CF}.Debug|x86.ActiveCfg = Debug|Any CPU
		{35522C30-AE72-401E-A287-93CD81F2D3CF}.Debug|x86.Build.0 = Debug|Any CPU
		{35522C30-AE72-401E-A287-93CD81F2D3CF}.Release|Any CPU.ActiveCfg = Release|Any CPU
		{35522C30-AE72-401E-A287-93CD81F2D3CF}.Release|Any CPU.Build.0 = Release|Any CPU
		{35522C30-AE72-401E-A287-93CD81F2D3CF}.Release|x64.ActiveCfg = Release|Any CPU
		{35522C30-AE72-401E-A287-93CD81F2D3CF}.Release|x64.Build.0 = Release|Any CPU
		{35522C30-AE72-401E-A287-93CD81F2D3CF}.Release|x86.ActiveCfg = Release|Any CPU
		{35522C30-AE72-401E-A287-93CD81F2D3CF}.Release|x86.Build.0 = Release|Any CPU
		{174AE5B1-71AC-4054-94AA-C9277A9FF86F}.Debug|Any CPU.ActiveCfg = Debug|Any CPU
		{174AE5B1-71AC-4054-94AA-C9277A9FF86F}.Debug|Any CPU.Build.0 = Debug|Any CPU
		{174AE5B1-71AC-4054-94AA-C9277A9FF86F}.Debug|x64.ActiveCfg = Debug|Any CPU
		{174AE5B1-71AC-4054-94AA-C9277A9FF86F}.Debug|x64.Build.0 = Debug|Any CPU
		{174AE5B1-71AC-4054-94AA-C9277A9FF86F}.Debug|x86.ActiveCfg = Debug|Any CPU
		{174AE5B1-71AC-4054-94AA-C9277A9FF86F}.Debug|x86.Build.0 = Debug|Any CPU
		{174AE5B1-71AC-4054-94AA-C9277A9FF86F}.Release|Any CPU.ActiveCfg = Release|Any CPU
		{174AE5B1-71AC-4054-94AA-C9277A9FF86F}.Release|Any CPU.Build.0 = Release|Any CPU
		{174AE5B1-71AC-4054-94AA-C9277A9FF86F}.Release|x64.ActiveCfg = Release|Any CPU
		{174AE5B1-71AC-4054-94AA-C9277A9FF86F}.Release|x64.Build.0 = Release|Any CPU
		{174AE5B1-71AC-4054-94AA-C9277A9FF86F}.Release|x86.ActiveCfg = Release|Any CPU
		{174AE5B1-71AC-4054-94AA-C9277A9FF86F}.Release|x86.Build.0 = Release|Any CPU
		{41C1681B-0FE3-493E-A112-B8F6106F6E92}.Debug|Any CPU.ActiveCfg = Debug|Any CPU
		{41C1681B-0FE3-493E-A112-B8F6106F6E92}.Debug|Any CPU.Build.0 = Debug|Any CPU
		{41C1681B-0FE3-493E-A112-B8F6106F6E92}.Debug|x64.ActiveCfg = Debug|Any CPU
		{41C1681B-0FE3-493E-A112-B8F6106F6E92}.Debug|x64.Build.0 = Debug|Any CPU
		{41C1681B-0FE3-493E-A112-B8F6106F6E92}.Debug|x86.ActiveCfg = Debug|Any CPU
		{41C1681B-0FE3-493E-A112-B8F6106F6E92}.Debug|x86.Build.0 = Debug|Any CPU
		{41C1681B-0FE3-493E-A112-B8F6106F6E92}.Release|Any CPU.ActiveCfg = Release|Any CPU
		{41C1681B-0FE3-493E-A112-B8F6106F6E92}.Release|Any CPU.Build.0 = Release|Any CPU
		{41C1681B-0FE3-493E-A112-B8F6106F6E92}.Release|x64.ActiveCfg = Release|Any CPU
		{41C1681B-0FE3-493E-A112-B8F6106F6E92}.Release|x64.Build.0 = Release|Any CPU
		{41C1681B-0FE3-493E-A112-B8F6106F6E92}.Release|x86.ActiveCfg = Release|Any CPU
		{41C1681B-0FE3-493E-A112-B8F6106F6E92}.Release|x86.Build.0 = Release|Any CPU
		{8294645E-96F0-41B7-A369-30BB8D164A2C}.Debug|Any CPU.ActiveCfg = Debug|Any CPU
		{8294645E-96F0-41B7-A369-30BB8D164A2C}.Debug|Any CPU.Build.0 = Debug|Any CPU
		{8294645E-96F0-41B7-A369-30BB8D164A2C}.Debug|x64.ActiveCfg = Debug|Any CPU
		{8294645E-96F0-41B7-A369-30BB8D164A2C}.Debug|x64.Build.0 = Debug|Any CPU
		{8294645E-96F0-41B7-A369-30BB8D164A2C}.Debug|x86.ActiveCfg = Debug|Any CPU
		{8294645E-96F0-41B7-A369-30BB8D164A2C}.Debug|x86.Build.0 = Debug|Any CPU
		{8294645E-96F0-41B7-A369-30BB8D164A2C}.Release|Any CPU.ActiveCfg = Release|Any CPU
		{8294645E-96F0-41B7-A369-30BB8D164A2C}.Release|Any CPU.Build.0 = Release|Any CPU
		{8294645E-96F0-41B7-A369-30BB8D164A2C}.Release|x64.ActiveCfg = Release|Any CPU
		{8294645E-96F0-41B7-A369-30BB8D164A2C}.Release|x64.Build.0 = Release|Any CPU
		{8294645E-96F0-41B7-A369-30BB8D164A2C}.Release|x86.ActiveCfg = Release|Any CPU
		{8294645E-96F0-41B7-A369-30BB8D164A2C}.Release|x86.Build.0 = Release|Any CPU
		{2E6CB46E-9D58-45A0-A85F-995B56C4EC14}.Debug|Any CPU.ActiveCfg = Debug|Any CPU
		{2E6CB46E-9D58-45A0-A85F-995B56C4EC14}.Debug|Any CPU.Build.0 = Debug|Any CPU
		{2E6CB46E-9D58-45A0-A85F-995B56C4EC14}.Debug|x64.ActiveCfg = Debug|Any CPU
		{2E6CB46E-9D58-45A0-A85F-995B56C4EC14}.Debug|x64.Build.0 = Debug|Any CPU
		{2E6CB46E-9D58-45A0-A85F-995B56C4EC14}.Debug|x86.ActiveCfg = Debug|Any CPU
		{2E6CB46E-9D58-45A0-A85F-995B56C4EC14}.Debug|x86.Build.0 = Debug|Any CPU
		{2E6CB46E-9D58-45A0-A85F-995B56C4EC14}.Release|Any CPU.ActiveCfg = Release|Any CPU
		{2E6CB46E-9D58-45A0-A85F-995B56C4EC14}.Release|Any CPU.Build.0 = Release|Any CPU
		{2E6CB46E-9D58-45A0-A85F-995B56C4EC14}.Release|x64.ActiveCfg = Release|Any CPU
		{2E6CB46E-9D58-45A0-A85F-995B56C4EC14}.Release|x64.Build.0 = Release|Any CPU
		{2E6CB46E-9D58-45A0-A85F-995B56C4EC14}.Release|x86.ActiveCfg = Release|Any CPU
		{2E6CB46E-9D58-45A0-A85F-995B56C4EC14}.Release|x86.Build.0 = Release|Any CPU
		{33906401-9067-4AAB-99B1-2A1189CAADD1}.Debug|Any CPU.ActiveCfg = Debug|Any CPU
		{33906401-9067-4AAB-99B1-2A1189CAADD1}.Debug|Any CPU.Build.0 = Debug|Any CPU
		{33906401-9067-4AAB-99B1-2A1189CAADD1}.Debug|x64.ActiveCfg = Debug|Any CPU
		{33906401-9067-4AAB-99B1-2A1189CAADD1}.Debug|x64.Build.0 = Debug|Any CPU
		{33906401-9067-4AAB-99B1-2A1189CAADD1}.Debug|x86.ActiveCfg = Debug|Any CPU
		{33906401-9067-4AAB-99B1-2A1189CAADD1}.Debug|x86.Build.0 = Debug|Any CPU
		{33906401-9067-4AAB-99B1-2A1189CAADD1}.Release|Any CPU.ActiveCfg = Release|Any CPU
		{33906401-9067-4AAB-99B1-2A1189CAADD1}.Release|Any CPU.Build.0 = Release|Any CPU
		{33906401-9067-4AAB-99B1-2A1189CAADD1}.Release|x64.ActiveCfg = Release|Any CPU
		{33906401-9067-4AAB-99B1-2A1189CAADD1}.Release|x64.Build.0 = Release|Any CPU
		{33906401-9067-4AAB-99B1-2A1189CAADD1}.Release|x86.ActiveCfg = Release|Any CPU
		{33906401-9067-4AAB-99B1-2A1189CAADD1}.Release|x86.Build.0 = Release|Any CPU
		{7F9F44C8-20E3-4D84-8813-AC6149BF8F69}.Debug|Any CPU.ActiveCfg = Debug|Any CPU
		{7F9F44C8-20E3-4D84-8813-AC6149BF8F69}.Debug|Any CPU.Build.0 = Debug|Any CPU
		{7F9F44C8-20E3-4D84-8813-AC6149BF8F69}.Debug|x64.ActiveCfg = Debug|Any CPU
		{7F9F44C8-20E3-4D84-8813-AC6149BF8F69}.Debug|x64.Build.0 = Debug|Any CPU
		{7F9F44C8-20E3-4D84-8813-AC6149BF8F69}.Debug|x86.ActiveCfg = Debug|Any CPU
		{7F9F44C8-20E3-4D84-8813-AC6149BF8F69}.Debug|x86.Build.0 = Debug|Any CPU
		{7F9F44C8-20E3-4D84-8813-AC6149BF8F69}.Release|Any CPU.ActiveCfg = Release|Any CPU
		{7F9F44C8-20E3-4D84-8813-AC6149BF8F69}.Release|Any CPU.Build.0 = Release|Any CPU
		{7F9F44C8-20E3-4D84-8813-AC6149BF8F69}.Release|x64.ActiveCfg = Release|Any CPU
		{7F9F44C8-20E3-4D84-8813-AC6149BF8F69}.Release|x64.Build.0 = Release|Any CPU
		{7F9F44C8-20E3-4D84-8813-AC6149BF8F69}.Release|x86.ActiveCfg = Release|Any CPU
		{7F9F44C8-20E3-4D84-8813-AC6149BF8F69}.Release|x86.Build.0 = Release|Any CPU
		{0D419197-4BAF-461D-AA0D-C93C0B5CD8F8}.Debug|Any CPU.ActiveCfg = Debug|Any CPU
		{0D419197-4BAF-461D-AA0D-C93C0B5CD8F8}.Debug|Any CPU.Build.0 = Debug|Any CPU
		{0D419197-4BAF-461D-AA0D-C93C0B5CD8F8}.Debug|x64.ActiveCfg = Debug|Any CPU
		{0D419197-4BAF-461D-AA0D-C93C0B5CD8F8}.Debug|x64.Build.0 = Debug|Any CPU
		{0D419197-4BAF-461D-AA0D-C93C0B5CD8F8}.Debug|x86.ActiveCfg = Debug|Any CPU
		{0D419197-4BAF-461D-AA0D-C93C0B5CD8F8}.Debug|x86.Build.0 = Debug|Any CPU
		{0D419197-4BAF-461D-AA0D-C93C0B5CD8F8}.Release|Any CPU.ActiveCfg = Release|Any CPU
		{0D419197-4BAF-461D-AA0D-C93C0B5CD8F8}.Release|Any CPU.Build.0 = Release|Any CPU
		{0D419197-4BAF-461D-AA0D-C93C0B5CD8F8}.Release|x64.ActiveCfg = Release|Any CPU
		{0D419197-4BAF-461D-AA0D-C93C0B5CD8F8}.Release|x64.Build.0 = Release|Any CPU
		{0D419197-4BAF-461D-AA0D-C93C0B5CD8F8}.Release|x86.ActiveCfg = Release|Any CPU
		{0D419197-4BAF-461D-AA0D-C93C0B5CD8F8}.Release|x86.Build.0 = Release|Any CPU
		{24EBD6AC-2572-4E3C-9ABD-B60FCE5C6FF9}.Debug|Any CPU.ActiveCfg = Debug|Any CPU
		{24EBD6AC-2572-4E3C-9ABD-B60FCE5C6FF9}.Debug|Any CPU.Build.0 = Debug|Any CPU
		{24EBD6AC-2572-4E3C-9ABD-B60FCE5C6FF9}.Debug|x64.ActiveCfg = Debug|Any CPU
		{24EBD6AC-2572-4E3C-9ABD-B60FCE5C6FF9}.Debug|x64.Build.0 = Debug|Any CPU
		{24EBD6AC-2572-4E3C-9ABD-B60FCE5C6FF9}.Debug|x86.ActiveCfg = Debug|Any CPU
		{24EBD6AC-2572-4E3C-9ABD-B60FCE5C6FF9}.Debug|x86.Build.0 = Debug|Any CPU
		{24EBD6AC-2572-4E3C-9ABD-B60FCE5C6FF9}.Release|Any CPU.ActiveCfg = Release|Any CPU
		{24EBD6AC-2572-4E3C-9ABD-B60FCE5C6FF9}.Release|Any CPU.Build.0 = Release|Any CPU
		{24EBD6AC-2572-4E3C-9ABD-B60FCE5C6FF9}.Release|x64.ActiveCfg = Release|Any CPU
		{24EBD6AC-2572-4E3C-9ABD-B60FCE5C6FF9}.Release|x64.Build.0 = Release|Any CPU
		{24EBD6AC-2572-4E3C-9ABD-B60FCE5C6FF9}.Release|x86.ActiveCfg = Release|Any CPU
		{24EBD6AC-2572-4E3C-9ABD-B60FCE5C6FF9}.Release|x86.Build.0 = Release|Any CPU
		{A833E23E-769F-4C54-811A-26EA5ECE125C}.Debug|Any CPU.ActiveCfg = Debug|Any CPU
		{A833E23E-769F-4C54-811A-26EA5ECE125C}.Debug|Any CPU.Build.0 = Debug|Any CPU
		{A833E23E-769F-4C54-811A-26EA5ECE125C}.Debug|x64.ActiveCfg = Debug|Any CPU
		{A833E23E-769F-4C54-811A-26EA5ECE125C}.Debug|x64.Build.0 = Debug|Any CPU
		{A833E23E-769F-4C54-811A-26EA5ECE125C}.Debug|x86.ActiveCfg = Debug|Any CPU
		{A833E23E-769F-4C54-811A-26EA5ECE125C}.Debug|x86.Build.0 = Debug|Any CPU
		{A833E23E-769F-4C54-811A-26EA5ECE125C}.Release|Any CPU.ActiveCfg = Release|Any CPU
		{A833E23E-769F-4C54-811A-26EA5ECE125C}.Release|Any CPU.Build.0 = Release|Any CPU
		{A833E23E-769F-4C54-811A-26EA5ECE125C}.Release|x64.ActiveCfg = Release|Any CPU
		{A833E23E-769F-4C54-811A-26EA5ECE125C}.Release|x64.Build.0 = Release|Any CPU
		{A833E23E-769F-4C54-811A-26EA5ECE125C}.Release|x86.ActiveCfg = Release|Any CPU
		{A833E23E-769F-4C54-811A-26EA5ECE125C}.Release|x86.Build.0 = Release|Any CPU
		{C54EC4D0-0E60-43FB-A4E9-73A37E48399A}.Debug|Any CPU.ActiveCfg = Debug|Any CPU
		{C54EC4D0-0E60-43FB-A4E9-73A37E48399A}.Debug|Any CPU.Build.0 = Debug|Any CPU
		{C54EC4D0-0E60-43FB-A4E9-73A37E48399A}.Debug|x64.ActiveCfg = Debug|Any CPU
		{C54EC4D0-0E60-43FB-A4E9-73A37E48399A}.Debug|x64.Build.0 = Debug|Any CPU
		{C54EC4D0-0E60-43FB-A4E9-73A37E48399A}.Debug|x86.ActiveCfg = Debug|Any CPU
		{C54EC4D0-0E60-43FB-A4E9-73A37E48399A}.Debug|x86.Build.0 = Debug|Any CPU
		{C54EC4D0-0E60-43FB-A4E9-73A37E48399A}.Release|Any CPU.ActiveCfg = Release|Any CPU
		{C54EC4D0-0E60-43FB-A4E9-73A37E48399A}.Release|Any CPU.Build.0 = Release|Any CPU
		{C54EC4D0-0E60-43FB-A4E9-73A37E48399A}.Release|x64.ActiveCfg = Release|Any CPU
		{C54EC4D0-0E60-43FB-A4E9-73A37E48399A}.Release|x64.Build.0 = Release|Any CPU
		{C54EC4D0-0E60-43FB-A4E9-73A37E48399A}.Release|x86.ActiveCfg = Release|Any CPU
		{C54EC4D0-0E60-43FB-A4E9-73A37E48399A}.Release|x86.Build.0 = Release|Any CPU
		{573EF33F-DE69-4740-AFF9-B56F2AD3A5A1}.Debug|Any CPU.ActiveCfg = Debug|Any CPU
		{573EF33F-DE69-4740-AFF9-B56F2AD3A5A1}.Debug|Any CPU.Build.0 = Debug|Any CPU
		{573EF33F-DE69-4740-AFF9-B56F2AD3A5A1}.Debug|x64.ActiveCfg = Debug|Any CPU
		{573EF33F-DE69-4740-AFF9-B56F2AD3A5A1}.Debug|x64.Build.0 = Debug|Any CPU
		{573EF33F-DE69-4740-AFF9-B56F2AD3A5A1}.Debug|x86.ActiveCfg = Debug|Any CPU
		{573EF33F-DE69-4740-AFF9-B56F2AD3A5A1}.Debug|x86.Build.0 = Debug|Any CPU
		{573EF33F-DE69-4740-AFF9-B56F2AD3A5A1}.Release|Any CPU.ActiveCfg = Release|Any CPU
		{573EF33F-DE69-4740-AFF9-B56F2AD3A5A1}.Release|Any CPU.Build.0 = Release|Any CPU
		{573EF33F-DE69-4740-AFF9-B56F2AD3A5A1}.Release|x64.ActiveCfg = Release|Any CPU
		{573EF33F-DE69-4740-AFF9-B56F2AD3A5A1}.Release|x64.Build.0 = Release|Any CPU
		{573EF33F-DE69-4740-AFF9-B56F2AD3A5A1}.Release|x86.ActiveCfg = Release|Any CPU
		{573EF33F-DE69-4740-AFF9-B56F2AD3A5A1}.Release|x86.Build.0 = Release|Any CPU
		{DC0D8DA8-CEA8-4648-A90B-40CEFE89FA9A}.Debug|Any CPU.ActiveCfg = Debug|Any CPU
		{DC0D8DA8-CEA8-4648-A90B-40CEFE89FA9A}.Debug|Any CPU.Build.0 = Debug|Any CPU
		{DC0D8DA8-CEA8-4648-A90B-40CEFE89FA9A}.Debug|x64.ActiveCfg = Debug|Any CPU
		{DC0D8DA8-CEA8-4648-A90B-40CEFE89FA9A}.Debug|x64.Build.0 = Debug|Any CPU
		{DC0D8DA8-CEA8-4648-A90B-40CEFE89FA9A}.Debug|x86.ActiveCfg = Debug|Any CPU
		{DC0D8DA8-CEA8-4648-A90B-40CEFE89FA9A}.Debug|x86.Build.0 = Debug|Any CPU
		{DC0D8DA8-CEA8-4648-A90B-40CEFE89FA9A}.Release|Any CPU.ActiveCfg = Release|Any CPU
		{DC0D8DA8-CEA8-4648-A90B-40CEFE89FA9A}.Release|Any CPU.Build.0 = Release|Any CPU
		{DC0D8DA8-CEA8-4648-A90B-40CEFE89FA9A}.Release|x64.ActiveCfg = Release|Any CPU
		{DC0D8DA8-CEA8-4648-A90B-40CEFE89FA9A}.Release|x64.Build.0 = Release|Any CPU
		{DC0D8DA8-CEA8-4648-A90B-40CEFE89FA9A}.Release|x86.ActiveCfg = Release|Any CPU
		{DC0D8DA8-CEA8-4648-A90B-40CEFE89FA9A}.Release|x86.Build.0 = Release|Any CPU
		{3C0A51FD-63DC-44D7-97DF-DE2178DAA404}.Debug|Any CPU.ActiveCfg = Debug|Any CPU
		{3C0A51FD-63DC-44D7-97DF-DE2178DAA404}.Debug|Any CPU.Build.0 = Debug|Any CPU
		{3C0A51FD-63DC-44D7-97DF-DE2178DAA404}.Debug|x64.ActiveCfg = Debug|Any CPU
		{3C0A51FD-63DC-44D7-97DF-DE2178DAA404}.Debug|x64.Build.0 = Debug|Any CPU
		{3C0A51FD-63DC-44D7-97DF-DE2178DAA404}.Debug|x86.ActiveCfg = Debug|Any CPU
		{3C0A51FD-63DC-44D7-97DF-DE2178DAA404}.Debug|x86.Build.0 = Debug|Any CPU
		{3C0A51FD-63DC-44D7-97DF-DE2178DAA404}.Release|Any CPU.ActiveCfg = Release|Any CPU
		{3C0A51FD-63DC-44D7-97DF-DE2178DAA404}.Release|Any CPU.Build.0 = Release|Any CPU
		{3C0A51FD-63DC-44D7-97DF-DE2178DAA404}.Release|x64.ActiveCfg = Release|Any CPU
		{3C0A51FD-63DC-44D7-97DF-DE2178DAA404}.Release|x64.Build.0 = Release|Any CPU
		{3C0A51FD-63DC-44D7-97DF-DE2178DAA404}.Release|x86.ActiveCfg = Release|Any CPU
		{3C0A51FD-63DC-44D7-97DF-DE2178DAA404}.Release|x86.Build.0 = Release|Any CPU
		{1CA3F5B7-8065-456D-9E46-CB092084D479}.Debug|Any CPU.ActiveCfg = Debug|Any CPU
		{1CA3F5B7-8065-456D-9E46-CB092084D479}.Debug|Any CPU.Build.0 = Debug|Any CPU
		{1CA3F5B7-8065-456D-9E46-CB092084D479}.Debug|x64.ActiveCfg = Debug|Any CPU
		{1CA3F5B7-8065-456D-9E46-CB092084D479}.Debug|x64.Build.0 = Debug|Any CPU
		{1CA3F5B7-8065-456D-9E46-CB092084D479}.Debug|x86.ActiveCfg = Debug|Any CPU
		{1CA3F5B7-8065-456D-9E46-CB092084D479}.Debug|x86.Build.0 = Debug|Any CPU
		{1CA3F5B7-8065-456D-9E46-CB092084D479}.Release|Any CPU.ActiveCfg = Release|Any CPU
		{1CA3F5B7-8065-456D-9E46-CB092084D479}.Release|Any CPU.Build.0 = Release|Any CPU
		{1CA3F5B7-8065-456D-9E46-CB092084D479}.Release|x64.ActiveCfg = Release|Any CPU
		{1CA3F5B7-8065-456D-9E46-CB092084D479}.Release|x64.Build.0 = Release|Any CPU
		{1CA3F5B7-8065-456D-9E46-CB092084D479}.Release|x86.ActiveCfg = Release|Any CPU
		{1CA3F5B7-8065-456D-9E46-CB092084D479}.Release|x86.Build.0 = Release|Any CPU
		{E79C59F2-CBCE-4B8A-9569-234502362936}.Debug|Any CPU.ActiveCfg = Debug|Any CPU
		{E79C59F2-CBCE-4B8A-9569-234502362936}.Debug|Any CPU.Build.0 = Debug|Any CPU
		{E79C59F2-CBCE-4B8A-9569-234502362936}.Debug|x64.ActiveCfg = Debug|Any CPU
		{E79C59F2-CBCE-4B8A-9569-234502362936}.Debug|x64.Build.0 = Debug|Any CPU
		{E79C59F2-CBCE-4B8A-9569-234502362936}.Debug|x86.ActiveCfg = Debug|Any CPU
		{E79C59F2-CBCE-4B8A-9569-234502362936}.Debug|x86.Build.0 = Debug|Any CPU
		{E79C59F2-CBCE-4B8A-9569-234502362936}.Release|Any CPU.ActiveCfg = Release|Any CPU
		{E79C59F2-CBCE-4B8A-9569-234502362936}.Release|Any CPU.Build.0 = Release|Any CPU
		{E79C59F2-CBCE-4B8A-9569-234502362936}.Release|x64.ActiveCfg = Release|Any CPU
		{E79C59F2-CBCE-4B8A-9569-234502362936}.Release|x64.Build.0 = Release|Any CPU
		{E79C59F2-CBCE-4B8A-9569-234502362936}.Release|x86.ActiveCfg = Release|Any CPU
		{E79C59F2-CBCE-4B8A-9569-234502362936}.Release|x86.Build.0 = Release|Any CPU
		{83702559-7B1F-435B-BD67-4724D5091341}.Debug|Any CPU.ActiveCfg = Debug|Any CPU
		{83702559-7B1F-435B-BD67-4724D5091341}.Debug|Any CPU.Build.0 = Debug|Any CPU
		{83702559-7B1F-435B-BD67-4724D5091341}.Debug|x64.ActiveCfg = Debug|Any CPU
		{83702559-7B1F-435B-BD67-4724D5091341}.Debug|x64.Build.0 = Debug|Any CPU
		{83702559-7B1F-435B-BD67-4724D5091341}.Debug|x86.ActiveCfg = Debug|Any CPU
		{83702559-7B1F-435B-BD67-4724D5091341}.Debug|x86.Build.0 = Debug|Any CPU
		{83702559-7B1F-435B-BD67-4724D5091341}.Release|Any CPU.ActiveCfg = Release|Any CPU
		{83702559-7B1F-435B-BD67-4724D5091341}.Release|Any CPU.Build.0 = Release|Any CPU
		{83702559-7B1F-435B-BD67-4724D5091341}.Release|x64.ActiveCfg = Release|Any CPU
		{83702559-7B1F-435B-BD67-4724D5091341}.Release|x64.Build.0 = Release|Any CPU
		{83702559-7B1F-435B-BD67-4724D5091341}.Release|x86.ActiveCfg = Release|Any CPU
		{83702559-7B1F-435B-BD67-4724D5091341}.Release|x86.Build.0 = Release|Any CPU
		{88CE4F18-481B-41E3-9D54-7507E0FB8635}.Debug|Any CPU.ActiveCfg = Debug|Any CPU
		{88CE4F18-481B-41E3-9D54-7507E0FB8635}.Debug|Any CPU.Build.0 = Debug|Any CPU
		{88CE4F18-481B-41E3-9D54-7507E0FB8635}.Debug|x64.ActiveCfg = Debug|Any CPU
		{88CE4F18-481B-41E3-9D54-7507E0FB8635}.Debug|x64.Build.0 = Debug|Any CPU
		{88CE4F18-481B-41E3-9D54-7507E0FB8635}.Debug|x86.ActiveCfg = Debug|Any CPU
		{88CE4F18-481B-41E3-9D54-7507E0FB8635}.Debug|x86.Build.0 = Debug|Any CPU
		{88CE4F18-481B-41E3-9D54-7507E0FB8635}.Release|Any CPU.ActiveCfg = Release|Any CPU
		{88CE4F18-481B-41E3-9D54-7507E0FB8635}.Release|Any CPU.Build.0 = Release|Any CPU
		{88CE4F18-481B-41E3-9D54-7507E0FB8635}.Release|x64.ActiveCfg = Release|Any CPU
		{88CE4F18-481B-41E3-9D54-7507E0FB8635}.Release|x64.Build.0 = Release|Any CPU
		{88CE4F18-481B-41E3-9D54-7507E0FB8635}.Release|x86.ActiveCfg = Release|Any CPU
		{88CE4F18-481B-41E3-9D54-7507E0FB8635}.Release|x86.Build.0 = Release|Any CPU
		{9CB0E4EC-75C4-4AAA-8DCB-7B6FFBC40131}.Debug|Any CPU.ActiveCfg = Debug|Any CPU
		{9CB0E4EC-75C4-4AAA-8DCB-7B6FFBC40131}.Debug|Any CPU.Build.0 = Debug|Any CPU
		{9CB0E4EC-75C4-4AAA-8DCB-7B6FFBC40131}.Debug|x64.ActiveCfg = Debug|Any CPU
		{9CB0E4EC-75C4-4AAA-8DCB-7B6FFBC40131}.Debug|x64.Build.0 = Debug|Any CPU
		{9CB0E4EC-75C4-4AAA-8DCB-7B6FFBC40131}.Debug|x86.ActiveCfg = Debug|Any CPU
		{9CB0E4EC-75C4-4AAA-8DCB-7B6FFBC40131}.Debug|x86.Build.0 = Debug|Any CPU
		{9CB0E4EC-75C4-4AAA-8DCB-7B6FFBC40131}.Release|Any CPU.ActiveCfg = Release|Any CPU
		{9CB0E4EC-75C4-4AAA-8DCB-7B6FFBC40131}.Release|Any CPU.Build.0 = Release|Any CPU
		{9CB0E4EC-75C4-4AAA-8DCB-7B6FFBC40131}.Release|x64.ActiveCfg = Release|Any CPU
		{9CB0E4EC-75C4-4AAA-8DCB-7B6FFBC40131}.Release|x64.Build.0 = Release|Any CPU
		{9CB0E4EC-75C4-4AAA-8DCB-7B6FFBC40131}.Release|x86.ActiveCfg = Release|Any CPU
		{9CB0E4EC-75C4-4AAA-8DCB-7B6FFBC40131}.Release|x86.Build.0 = Release|Any CPU
		{9FA78083-78DF-41EC-9E09-A7804545CA56}.Debug|Any CPU.ActiveCfg = Debug|Any CPU
		{9FA78083-78DF-41EC-9E09-A7804545CA56}.Debug|Any CPU.Build.0 = Debug|Any CPU
		{9FA78083-78DF-41EC-9E09-A7804545CA56}.Debug|x64.ActiveCfg = Debug|Any CPU
		{9FA78083-78DF-41EC-9E09-A7804545CA56}.Debug|x64.Build.0 = Debug|Any CPU
		{9FA78083-78DF-41EC-9E09-A7804545CA56}.Debug|x86.ActiveCfg = Debug|Any CPU
		{9FA78083-78DF-41EC-9E09-A7804545CA56}.Debug|x86.Build.0 = Debug|Any CPU
		{9FA78083-78DF-41EC-9E09-A7804545CA56}.Release|Any CPU.ActiveCfg = Release|Any CPU
		{9FA78083-78DF-41EC-9E09-A7804545CA56}.Release|Any CPU.Build.0 = Release|Any CPU
		{9FA78083-78DF-41EC-9E09-A7804545CA56}.Release|x64.ActiveCfg = Release|Any CPU
		{9FA78083-78DF-41EC-9E09-A7804545CA56}.Release|x64.Build.0 = Release|Any CPU
		{9FA78083-78DF-41EC-9E09-A7804545CA56}.Release|x86.ActiveCfg = Release|Any CPU
		{9FA78083-78DF-41EC-9E09-A7804545CA56}.Release|x86.Build.0 = Release|Any CPU
		{A76C9BC3-2341-4DC1-A905-DB082A4F1025}.Debug|Any CPU.ActiveCfg = Debug|Any CPU
		{A76C9BC3-2341-4DC1-A905-DB082A4F1025}.Debug|Any CPU.Build.0 = Debug|Any CPU
		{A76C9BC3-2341-4DC1-A905-DB082A4F1025}.Debug|x64.ActiveCfg = Debug|Any CPU
		{A76C9BC3-2341-4DC1-A905-DB082A4F1025}.Debug|x64.Build.0 = Debug|Any CPU
		{A76C9BC3-2341-4DC1-A905-DB082A4F1025}.Debug|x86.ActiveCfg = Debug|Any CPU
		{A76C9BC3-2341-4DC1-A905-DB082A4F1025}.Debug|x86.Build.0 = Debug|Any CPU
		{A76C9BC3-2341-4DC1-A905-DB082A4F1025}.Release|Any CPU.ActiveCfg = Release|Any CPU
		{A76C9BC3-2341-4DC1-A905-DB082A4F1025}.Release|Any CPU.Build.0 = Release|Any CPU
		{A76C9BC3-2341-4DC1-A905-DB082A4F1025}.Release|x64.ActiveCfg = Release|Any CPU
		{A76C9BC3-2341-4DC1-A905-DB082A4F1025}.Release|x64.Build.0 = Release|Any CPU
		{A76C9BC3-2341-4DC1-A905-DB082A4F1025}.Release|x86.ActiveCfg = Release|Any CPU
		{A76C9BC3-2341-4DC1-A905-DB082A4F1025}.Release|x86.Build.0 = Release|Any CPU
		{3C2B95CD-3F94-4831-AC57-779A14BF2BD3}.Debug|Any CPU.ActiveCfg = Debug|Any CPU
		{3C2B95CD-3F94-4831-AC57-779A14BF2BD3}.Debug|Any CPU.Build.0 = Debug|Any CPU
		{3C2B95CD-3F94-4831-AC57-779A14BF2BD3}.Debug|x64.ActiveCfg = Debug|Any CPU
		{3C2B95CD-3F94-4831-AC57-779A14BF2BD3}.Debug|x64.Build.0 = Debug|Any CPU
		{3C2B95CD-3F94-4831-AC57-779A14BF2BD3}.Debug|x86.ActiveCfg = Debug|Any CPU
		{3C2B95CD-3F94-4831-AC57-779A14BF2BD3}.Debug|x86.Build.0 = Debug|Any CPU
		{3C2B95CD-3F94-4831-AC57-779A14BF2BD3}.Release|Any CPU.ActiveCfg = Release|Any CPU
		{3C2B95CD-3F94-4831-AC57-779A14BF2BD3}.Release|Any CPU.Build.0 = Release|Any CPU
		{3C2B95CD-3F94-4831-AC57-779A14BF2BD3}.Release|x64.ActiveCfg = Release|Any CPU
		{3C2B95CD-3F94-4831-AC57-779A14BF2BD3}.Release|x64.Build.0 = Release|Any CPU
		{3C2B95CD-3F94-4831-AC57-779A14BF2BD3}.Release|x86.ActiveCfg = Release|Any CPU
		{3C2B95CD-3F94-4831-AC57-779A14BF2BD3}.Release|x86.Build.0 = Release|Any CPU
		{279F5A72-2594-4314-9F2B-3F862C8B86BE}.Debug|Any CPU.ActiveCfg = Debug|Any CPU
		{279F5A72-2594-4314-9F2B-3F862C8B86BE}.Debug|Any CPU.Build.0 = Debug|Any CPU
		{279F5A72-2594-4314-9F2B-3F862C8B86BE}.Debug|x64.ActiveCfg = Debug|Any CPU
		{279F5A72-2594-4314-9F2B-3F862C8B86BE}.Debug|x64.Build.0 = Debug|Any CPU
		{279F5A72-2594-4314-9F2B-3F862C8B86BE}.Debug|x86.ActiveCfg = Debug|Any CPU
		{279F5A72-2594-4314-9F2B-3F862C8B86BE}.Debug|x86.Build.0 = Debug|Any CPU
		{279F5A72-2594-4314-9F2B-3F862C8B86BE}.Release|Any CPU.ActiveCfg = Release|Any CPU
		{279F5A72-2594-4314-9F2B-3F862C8B86BE}.Release|Any CPU.Build.0 = Release|Any CPU
		{279F5A72-2594-4314-9F2B-3F862C8B86BE}.Release|x64.ActiveCfg = Release|Any CPU
		{279F5A72-2594-4314-9F2B-3F862C8B86BE}.Release|x64.Build.0 = Release|Any CPU
		{279F5A72-2594-4314-9F2B-3F862C8B86BE}.Release|x86.ActiveCfg = Release|Any CPU
		{279F5A72-2594-4314-9F2B-3F862C8B86BE}.Release|x86.Build.0 = Release|Any CPU
		{972984D0-2770-4619-BBE1-CBF57A2A6287}.Debug|Any CPU.ActiveCfg = Debug|Any CPU
		{972984D0-2770-4619-BBE1-CBF57A2A6287}.Debug|Any CPU.Build.0 = Debug|Any CPU
		{972984D0-2770-4619-BBE1-CBF57A2A6287}.Debug|x64.ActiveCfg = Debug|Any CPU
		{972984D0-2770-4619-BBE1-CBF57A2A6287}.Debug|x64.Build.0 = Debug|Any CPU
		{972984D0-2770-4619-BBE1-CBF57A2A6287}.Debug|x86.ActiveCfg = Debug|Any CPU
		{972984D0-2770-4619-BBE1-CBF57A2A6287}.Debug|x86.Build.0 = Debug|Any CPU
		{972984D0-2770-4619-BBE1-CBF57A2A6287}.Release|Any CPU.ActiveCfg = Release|Any CPU
		{972984D0-2770-4619-BBE1-CBF57A2A6287}.Release|Any CPU.Build.0 = Release|Any CPU
		{972984D0-2770-4619-BBE1-CBF57A2A6287}.Release|x64.ActiveCfg = Release|Any CPU
		{972984D0-2770-4619-BBE1-CBF57A2A6287}.Release|x64.Build.0 = Release|Any CPU
		{972984D0-2770-4619-BBE1-CBF57A2A6287}.Release|x86.ActiveCfg = Release|Any CPU
		{972984D0-2770-4619-BBE1-CBF57A2A6287}.Release|x86.Build.0 = Release|Any CPU
		{67DEA98B-5276-4CE5-8220-FC1F8C3F370F}.Debug|Any CPU.ActiveCfg = Debug|Any CPU
		{67DEA98B-5276-4CE5-8220-FC1F8C3F370F}.Debug|Any CPU.Build.0 = Debug|Any CPU
		{67DEA98B-5276-4CE5-8220-FC1F8C3F370F}.Debug|x64.ActiveCfg = Debug|Any CPU
		{67DEA98B-5276-4CE5-8220-FC1F8C3F370F}.Debug|x64.Build.0 = Debug|Any CPU
		{67DEA98B-5276-4CE5-8220-FC1F8C3F370F}.Debug|x86.ActiveCfg = Debug|Any CPU
		{67DEA98B-5276-4CE5-8220-FC1F8C3F370F}.Debug|x86.Build.0 = Debug|Any CPU
		{67DEA98B-5276-4CE5-8220-FC1F8C3F370F}.Release|Any CPU.ActiveCfg = Release|Any CPU
		{67DEA98B-5276-4CE5-8220-FC1F8C3F370F}.Release|Any CPU.Build.0 = Release|Any CPU
		{67DEA98B-5276-4CE5-8220-FC1F8C3F370F}.Release|x64.ActiveCfg = Release|Any CPU
		{67DEA98B-5276-4CE5-8220-FC1F8C3F370F}.Release|x64.Build.0 = Release|Any CPU
		{67DEA98B-5276-4CE5-8220-FC1F8C3F370F}.Release|x86.ActiveCfg = Release|Any CPU
		{67DEA98B-5276-4CE5-8220-FC1F8C3F370F}.Release|x86.Build.0 = Release|Any CPU
		{B8F868DB-E0A9-4EBC-B25E-54A25ED56817}.Debug|Any CPU.ActiveCfg = Debug|Any CPU
		{B8F868DB-E0A9-4EBC-B25E-54A25ED56817}.Debug|Any CPU.Build.0 = Debug|Any CPU
		{B8F868DB-E0A9-4EBC-B25E-54A25ED56817}.Debug|x64.ActiveCfg = Debug|Any CPU
		{B8F868DB-E0A9-4EBC-B25E-54A25ED56817}.Debug|x64.Build.0 = Debug|Any CPU
		{B8F868DB-E0A9-4EBC-B25E-54A25ED56817}.Debug|x86.ActiveCfg = Debug|Any CPU
		{B8F868DB-E0A9-4EBC-B25E-54A25ED56817}.Debug|x86.Build.0 = Debug|Any CPU
		{B8F868DB-E0A9-4EBC-B25E-54A25ED56817}.Release|Any CPU.ActiveCfg = Release|Any CPU
		{B8F868DB-E0A9-4EBC-B25E-54A25ED56817}.Release|Any CPU.Build.0 = Release|Any CPU
		{B8F868DB-E0A9-4EBC-B25E-54A25ED56817}.Release|x64.ActiveCfg = Release|Any CPU
		{B8F868DB-E0A9-4EBC-B25E-54A25ED56817}.Release|x64.Build.0 = Release|Any CPU
		{B8F868DB-E0A9-4EBC-B25E-54A25ED56817}.Release|x86.ActiveCfg = Release|Any CPU
		{B8F868DB-E0A9-4EBC-B25E-54A25ED56817}.Release|x86.Build.0 = Release|Any CPU
		{B41AC07F-B6DD-4259-A2D4-8D21FEB2320D}.Debug|Any CPU.ActiveCfg = Debug|Any CPU
		{B41AC07F-B6DD-4259-A2D4-8D21FEB2320D}.Debug|Any CPU.Build.0 = Debug|Any CPU
		{B41AC07F-B6DD-4259-A2D4-8D21FEB2320D}.Debug|x64.ActiveCfg = Debug|Any CPU
		{B41AC07F-B6DD-4259-A2D4-8D21FEB2320D}.Debug|x64.Build.0 = Debug|Any CPU
		{B41AC07F-B6DD-4259-A2D4-8D21FEB2320D}.Debug|x86.ActiveCfg = Debug|Any CPU
		{B41AC07F-B6DD-4259-A2D4-8D21FEB2320D}.Debug|x86.Build.0 = Debug|Any CPU
		{B41AC07F-B6DD-4259-A2D4-8D21FEB2320D}.Release|Any CPU.ActiveCfg = Release|Any CPU
		{B41AC07F-B6DD-4259-A2D4-8D21FEB2320D}.Release|Any CPU.Build.0 = Release|Any CPU
		{B41AC07F-B6DD-4259-A2D4-8D21FEB2320D}.Release|x64.ActiveCfg = Release|Any CPU
		{B41AC07F-B6DD-4259-A2D4-8D21FEB2320D}.Release|x64.Build.0 = Release|Any CPU
		{B41AC07F-B6DD-4259-A2D4-8D21FEB2320D}.Release|x86.ActiveCfg = Release|Any CPU
		{B41AC07F-B6DD-4259-A2D4-8D21FEB2320D}.Release|x86.Build.0 = Release|Any CPU
		{59269F2E-C69C-43CA-9D12-3939CB59C35F}.Debug|Any CPU.ActiveCfg = Debug|Any CPU
		{59269F2E-C69C-43CA-9D12-3939CB59C35F}.Debug|Any CPU.Build.0 = Debug|Any CPU
		{59269F2E-C69C-43CA-9D12-3939CB59C35F}.Debug|x64.ActiveCfg = Debug|Any CPU
		{59269F2E-C69C-43CA-9D12-3939CB59C35F}.Debug|x64.Build.0 = Debug|Any CPU
		{59269F2E-C69C-43CA-9D12-3939CB59C35F}.Debug|x86.ActiveCfg = Debug|Any CPU
		{59269F2E-C69C-43CA-9D12-3939CB59C35F}.Debug|x86.Build.0 = Debug|Any CPU
		{59269F2E-C69C-43CA-9D12-3939CB59C35F}.Release|Any CPU.ActiveCfg = Release|Any CPU
		{59269F2E-C69C-43CA-9D12-3939CB59C35F}.Release|Any CPU.Build.0 = Release|Any CPU
		{59269F2E-C69C-43CA-9D12-3939CB59C35F}.Release|x64.ActiveCfg = Release|Any CPU
		{59269F2E-C69C-43CA-9D12-3939CB59C35F}.Release|x64.Build.0 = Release|Any CPU
		{59269F2E-C69C-43CA-9D12-3939CB59C35F}.Release|x86.ActiveCfg = Release|Any CPU
		{59269F2E-C69C-43CA-9D12-3939CB59C35F}.Release|x86.Build.0 = Release|Any CPU
		{0B8335D2-050C-46D0-BDC7-4B2FF102F523}.Debug|Any CPU.ActiveCfg = Debug|Any CPU
		{0B8335D2-050C-46D0-BDC7-4B2FF102F523}.Debug|Any CPU.Build.0 = Debug|Any CPU
		{0B8335D2-050C-46D0-BDC7-4B2FF102F523}.Debug|x64.ActiveCfg = Debug|Any CPU
		{0B8335D2-050C-46D0-BDC7-4B2FF102F523}.Debug|x64.Build.0 = Debug|Any CPU
		{0B8335D2-050C-46D0-BDC7-4B2FF102F523}.Debug|x86.ActiveCfg = Debug|Any CPU
		{0B8335D2-050C-46D0-BDC7-4B2FF102F523}.Debug|x86.Build.0 = Debug|Any CPU
		{0B8335D2-050C-46D0-BDC7-4B2FF102F523}.Release|Any CPU.ActiveCfg = Release|Any CPU
		{0B8335D2-050C-46D0-BDC7-4B2FF102F523}.Release|Any CPU.Build.0 = Release|Any CPU
		{0B8335D2-050C-46D0-BDC7-4B2FF102F523}.Release|x64.ActiveCfg = Release|Any CPU
		{0B8335D2-050C-46D0-BDC7-4B2FF102F523}.Release|x64.Build.0 = Release|Any CPU
		{0B8335D2-050C-46D0-BDC7-4B2FF102F523}.Release|x86.ActiveCfg = Release|Any CPU
		{0B8335D2-050C-46D0-BDC7-4B2FF102F523}.Release|x86.Build.0 = Release|Any CPU
		{000FC243-DF22-4BA0-8986-AFFC5148A8D1}.Debug|Any CPU.ActiveCfg = Debug|Any CPU
		{000FC243-DF22-4BA0-8986-AFFC5148A8D1}.Debug|Any CPU.Build.0 = Debug|Any CPU
		{000FC243-DF22-4BA0-8986-AFFC5148A8D1}.Debug|x64.ActiveCfg = Debug|Any CPU
		{000FC243-DF22-4BA0-8986-AFFC5148A8D1}.Debug|x64.Build.0 = Debug|Any CPU
		{000FC243-DF22-4BA0-8986-AFFC5148A8D1}.Debug|x86.ActiveCfg = Debug|Any CPU
		{000FC243-DF22-4BA0-8986-AFFC5148A8D1}.Debug|x86.Build.0 = Debug|Any CPU
		{000FC243-DF22-4BA0-8986-AFFC5148A8D1}.Release|Any CPU.ActiveCfg = Release|Any CPU
		{000FC243-DF22-4BA0-8986-AFFC5148A8D1}.Release|Any CPU.Build.0 = Release|Any CPU
		{000FC243-DF22-4BA0-8986-AFFC5148A8D1}.Release|x64.ActiveCfg = Release|Any CPU
		{000FC243-DF22-4BA0-8986-AFFC5148A8D1}.Release|x64.Build.0 = Release|Any CPU
		{000FC243-DF22-4BA0-8986-AFFC5148A8D1}.Release|x86.ActiveCfg = Release|Any CPU
		{000FC243-DF22-4BA0-8986-AFFC5148A8D1}.Release|x86.Build.0 = Release|Any CPU
		{F9D1640C-0B5D-4AC0-9554-93B73C406840}.Debug|Any CPU.ActiveCfg = Debug|Any CPU
		{F9D1640C-0B5D-4AC0-9554-93B73C406840}.Debug|Any CPU.Build.0 = Debug|Any CPU
		{F9D1640C-0B5D-4AC0-9554-93B73C406840}.Debug|x64.ActiveCfg = Debug|Any CPU
		{F9D1640C-0B5D-4AC0-9554-93B73C406840}.Debug|x64.Build.0 = Debug|Any CPU
		{F9D1640C-0B5D-4AC0-9554-93B73C406840}.Debug|x86.ActiveCfg = Debug|Any CPU
		{F9D1640C-0B5D-4AC0-9554-93B73C406840}.Debug|x86.Build.0 = Debug|Any CPU
		{F9D1640C-0B5D-4AC0-9554-93B73C406840}.Release|Any CPU.ActiveCfg = Release|Any CPU
		{F9D1640C-0B5D-4AC0-9554-93B73C406840}.Release|Any CPU.Build.0 = Release|Any CPU
		{F9D1640C-0B5D-4AC0-9554-93B73C406840}.Release|x64.ActiveCfg = Release|Any CPU
		{F9D1640C-0B5D-4AC0-9554-93B73C406840}.Release|x64.Build.0 = Release|Any CPU
		{F9D1640C-0B5D-4AC0-9554-93B73C406840}.Release|x86.ActiveCfg = Release|Any CPU
		{F9D1640C-0B5D-4AC0-9554-93B73C406840}.Release|x86.Build.0 = Release|Any CPU
		{8AE365B9-4C74-4183-8E60-609707D33D50}.Debug|Any CPU.ActiveCfg = Debug|Any CPU
		{8AE365B9-4C74-4183-8E60-609707D33D50}.Debug|Any CPU.Build.0 = Debug|Any CPU
		{8AE365B9-4C74-4183-8E60-609707D33D50}.Debug|x64.ActiveCfg = Debug|Any CPU
		{8AE365B9-4C74-4183-8E60-609707D33D50}.Debug|x64.Build.0 = Debug|Any CPU
		{8AE365B9-4C74-4183-8E60-609707D33D50}.Debug|x86.ActiveCfg = Debug|Any CPU
		{8AE365B9-4C74-4183-8E60-609707D33D50}.Debug|x86.Build.0 = Debug|Any CPU
		{8AE365B9-4C74-4183-8E60-609707D33D50}.Release|Any CPU.ActiveCfg = Release|Any CPU
		{8AE365B9-4C74-4183-8E60-609707D33D50}.Release|Any CPU.Build.0 = Release|Any CPU
		{8AE365B9-4C74-4183-8E60-609707D33D50}.Release|x64.ActiveCfg = Release|Any CPU
		{8AE365B9-4C74-4183-8E60-609707D33D50}.Release|x64.Build.0 = Release|Any CPU
		{8AE365B9-4C74-4183-8E60-609707D33D50}.Release|x86.ActiveCfg = Release|Any CPU
		{8AE365B9-4C74-4183-8E60-609707D33D50}.Release|x86.Build.0 = Release|Any CPU
		{EEE2B7E7-96FF-43E0-8BDC-85BE796AA6EB}.Debug|Any CPU.ActiveCfg = Debug|Any CPU
		{EEE2B7E7-96FF-43E0-8BDC-85BE796AA6EB}.Debug|Any CPU.Build.0 = Debug|Any CPU
		{EEE2B7E7-96FF-43E0-8BDC-85BE796AA6EB}.Debug|x64.ActiveCfg = Debug|Any CPU
		{EEE2B7E7-96FF-43E0-8BDC-85BE796AA6EB}.Debug|x64.Build.0 = Debug|Any CPU
		{EEE2B7E7-96FF-43E0-8BDC-85BE796AA6EB}.Debug|x86.ActiveCfg = Debug|Any CPU
		{EEE2B7E7-96FF-43E0-8BDC-85BE796AA6EB}.Debug|x86.Build.0 = Debug|Any CPU
		{EEE2B7E7-96FF-43E0-8BDC-85BE796AA6EB}.Release|Any CPU.ActiveCfg = Release|Any CPU
		{EEE2B7E7-96FF-43E0-8BDC-85BE796AA6EB}.Release|Any CPU.Build.0 = Release|Any CPU
		{EEE2B7E7-96FF-43E0-8BDC-85BE796AA6EB}.Release|x64.ActiveCfg = Release|Any CPU
		{EEE2B7E7-96FF-43E0-8BDC-85BE796AA6EB}.Release|x64.Build.0 = Release|Any CPU
		{EEE2B7E7-96FF-43E0-8BDC-85BE796AA6EB}.Release|x86.ActiveCfg = Release|Any CPU
		{EEE2B7E7-96FF-43E0-8BDC-85BE796AA6EB}.Release|x86.Build.0 = Release|Any CPU
		{2DA40DCF-616A-4FC3-80A9-2D58013BDFC5}.Debug|Any CPU.ActiveCfg = Debug|Any CPU
		{2DA40DCF-616A-4FC3-80A9-2D58013BDFC5}.Debug|Any CPU.Build.0 = Debug|Any CPU
		{2DA40DCF-616A-4FC3-80A9-2D58013BDFC5}.Debug|x64.ActiveCfg = Debug|Any CPU
		{2DA40DCF-616A-4FC3-80A9-2D58013BDFC5}.Debug|x64.Build.0 = Debug|Any CPU
		{2DA40DCF-616A-4FC3-80A9-2D58013BDFC5}.Debug|x86.ActiveCfg = Debug|Any CPU
		{2DA40DCF-616A-4FC3-80A9-2D58013BDFC5}.Debug|x86.Build.0 = Debug|Any CPU
		{2DA40DCF-616A-4FC3-80A9-2D58013BDFC5}.Release|Any CPU.ActiveCfg = Release|Any CPU
		{2DA40DCF-616A-4FC3-80A9-2D58013BDFC5}.Release|Any CPU.Build.0 = Release|Any CPU
		{2DA40DCF-616A-4FC3-80A9-2D58013BDFC5}.Release|x64.ActiveCfg = Release|Any CPU
		{2DA40DCF-616A-4FC3-80A9-2D58013BDFC5}.Release|x64.Build.0 = Release|Any CPU
		{2DA40DCF-616A-4FC3-80A9-2D58013BDFC5}.Release|x86.ActiveCfg = Release|Any CPU
		{2DA40DCF-616A-4FC3-80A9-2D58013BDFC5}.Release|x86.Build.0 = Release|Any CPU
		{E7405C2C-38A4-4780-A5F5-AB0825F22E15}.Debug|Any CPU.ActiveCfg = Debug|Any CPU
		{E7405C2C-38A4-4780-A5F5-AB0825F22E15}.Debug|Any CPU.Build.0 = Debug|Any CPU
		{E7405C2C-38A4-4780-A5F5-AB0825F22E15}.Debug|x64.ActiveCfg = Debug|Any CPU
		{E7405C2C-38A4-4780-A5F5-AB0825F22E15}.Debug|x64.Build.0 = Debug|Any CPU
		{E7405C2C-38A4-4780-A5F5-AB0825F22E15}.Debug|x86.ActiveCfg = Debug|Any CPU
		{E7405C2C-38A4-4780-A5F5-AB0825F22E15}.Debug|x86.Build.0 = Debug|Any CPU
		{E7405C2C-38A4-4780-A5F5-AB0825F22E15}.Release|Any CPU.ActiveCfg = Release|Any CPU
		{E7405C2C-38A4-4780-A5F5-AB0825F22E15}.Release|Any CPU.Build.0 = Release|Any CPU
		{E7405C2C-38A4-4780-A5F5-AB0825F22E15}.Release|x64.ActiveCfg = Release|Any CPU
		{E7405C2C-38A4-4780-A5F5-AB0825F22E15}.Release|x64.Build.0 = Release|Any CPU
		{E7405C2C-38A4-4780-A5F5-AB0825F22E15}.Release|x86.ActiveCfg = Release|Any CPU
		{E7405C2C-38A4-4780-A5F5-AB0825F22E15}.Release|x86.Build.0 = Release|Any CPU
		{58399F79-91EA-4E9D-997C-A5BC51AD5C04}.Debug|Any CPU.ActiveCfg = Debug|Any CPU
		{58399F79-91EA-4E9D-997C-A5BC51AD5C04}.Debug|Any CPU.Build.0 = Debug|Any CPU
		{58399F79-91EA-4E9D-997C-A5BC51AD5C04}.Debug|x64.ActiveCfg = Debug|Any CPU
		{58399F79-91EA-4E9D-997C-A5BC51AD5C04}.Debug|x64.Build.0 = Debug|Any CPU
		{58399F79-91EA-4E9D-997C-A5BC51AD5C04}.Debug|x86.ActiveCfg = Debug|Any CPU
		{58399F79-91EA-4E9D-997C-A5BC51AD5C04}.Debug|x86.Build.0 = Debug|Any CPU
		{58399F79-91EA-4E9D-997C-A5BC51AD5C04}.Release|Any CPU.ActiveCfg = Release|Any CPU
		{58399F79-91EA-4E9D-997C-A5BC51AD5C04}.Release|Any CPU.Build.0 = Release|Any CPU
		{58399F79-91EA-4E9D-997C-A5BC51AD5C04}.Release|x64.ActiveCfg = Release|Any CPU
		{58399F79-91EA-4E9D-997C-A5BC51AD5C04}.Release|x64.Build.0 = Release|Any CPU
		{58399F79-91EA-4E9D-997C-A5BC51AD5C04}.Release|x86.ActiveCfg = Release|Any CPU
		{58399F79-91EA-4E9D-997C-A5BC51AD5C04}.Release|x86.Build.0 = Release|Any CPU
		{36EE42D7-2B20-4D14-A554-4100E9EA320F}.Debug|Any CPU.ActiveCfg = Debug|Any CPU
		{36EE42D7-2B20-4D14-A554-4100E9EA320F}.Debug|Any CPU.Build.0 = Debug|Any CPU
		{36EE42D7-2B20-4D14-A554-4100E9EA320F}.Debug|x64.ActiveCfg = Debug|Any CPU
		{36EE42D7-2B20-4D14-A554-4100E9EA320F}.Debug|x64.Build.0 = Debug|Any CPU
		{36EE42D7-2B20-4D14-A554-4100E9EA320F}.Debug|x86.ActiveCfg = Debug|Any CPU
		{36EE42D7-2B20-4D14-A554-4100E9EA320F}.Debug|x86.Build.0 = Debug|Any CPU
		{36EE42D7-2B20-4D14-A554-4100E9EA320F}.Release|Any CPU.ActiveCfg = Release|Any CPU
		{36EE42D7-2B20-4D14-A554-4100E9EA320F}.Release|Any CPU.Build.0 = Release|Any CPU
		{36EE42D7-2B20-4D14-A554-4100E9EA320F}.Release|x64.ActiveCfg = Release|Any CPU
		{36EE42D7-2B20-4D14-A554-4100E9EA320F}.Release|x64.Build.0 = Release|Any CPU
		{36EE42D7-2B20-4D14-A554-4100E9EA320F}.Release|x86.ActiveCfg = Release|Any CPU
		{36EE42D7-2B20-4D14-A554-4100E9EA320F}.Release|x86.Build.0 = Release|Any CPU
		{41068B45-6B8D-4B9D-8EC8-0820040199CC}.Debug|Any CPU.ActiveCfg = Debug|Any CPU
		{41068B45-6B8D-4B9D-8EC8-0820040199CC}.Debug|Any CPU.Build.0 = Debug|Any CPU
		{41068B45-6B8D-4B9D-8EC8-0820040199CC}.Debug|x64.ActiveCfg = Debug|Any CPU
		{41068B45-6B8D-4B9D-8EC8-0820040199CC}.Debug|x64.Build.0 = Debug|Any CPU
		{41068B45-6B8D-4B9D-8EC8-0820040199CC}.Debug|x86.ActiveCfg = Debug|Any CPU
		{41068B45-6B8D-4B9D-8EC8-0820040199CC}.Debug|x86.Build.0 = Debug|Any CPU
		{41068B45-6B8D-4B9D-8EC8-0820040199CC}.Release|Any CPU.ActiveCfg = Release|Any CPU
		{41068B45-6B8D-4B9D-8EC8-0820040199CC}.Release|Any CPU.Build.0 = Release|Any CPU
		{41068B45-6B8D-4B9D-8EC8-0820040199CC}.Release|x64.ActiveCfg = Release|Any CPU
		{41068B45-6B8D-4B9D-8EC8-0820040199CC}.Release|x64.Build.0 = Release|Any CPU
		{41068B45-6B8D-4B9D-8EC8-0820040199CC}.Release|x86.ActiveCfg = Release|Any CPU
		{41068B45-6B8D-4B9D-8EC8-0820040199CC}.Release|x86.Build.0 = Release|Any CPU
		{D52BE201-BD4F-4AE0-B423-548104C22D68}.Debug|Any CPU.ActiveCfg = Debug|Any CPU
		{D52BE201-BD4F-4AE0-B423-548104C22D68}.Debug|Any CPU.Build.0 = Debug|Any CPU
		{D52BE201-BD4F-4AE0-B423-548104C22D68}.Debug|x64.ActiveCfg = Debug|Any CPU
		{D52BE201-BD4F-4AE0-B423-548104C22D68}.Debug|x64.Build.0 = Debug|Any CPU
		{D52BE201-BD4F-4AE0-B423-548104C22D68}.Debug|x86.ActiveCfg = Debug|Any CPU
		{D52BE201-BD4F-4AE0-B423-548104C22D68}.Debug|x86.Build.0 = Debug|Any CPU
		{D52BE201-BD4F-4AE0-B423-548104C22D68}.Release|Any CPU.ActiveCfg = Release|Any CPU
		{D52BE201-BD4F-4AE0-B423-548104C22D68}.Release|Any CPU.Build.0 = Release|Any CPU
		{D52BE201-BD4F-4AE0-B423-548104C22D68}.Release|x64.ActiveCfg = Release|Any CPU
		{D52BE201-BD4F-4AE0-B423-548104C22D68}.Release|x64.Build.0 = Release|Any CPU
		{D52BE201-BD4F-4AE0-B423-548104C22D68}.Release|x86.ActiveCfg = Release|Any CPU
		{D52BE201-BD4F-4AE0-B423-548104C22D68}.Release|x86.Build.0 = Release|Any CPU
		{6D5D20B7-26D5-48E2-B5CB-F63A8CA8047C}.Debug|Any CPU.ActiveCfg = Debug|Any CPU
		{6D5D20B7-26D5-48E2-B5CB-F63A8CA8047C}.Debug|Any CPU.Build.0 = Debug|Any CPU
		{6D5D20B7-26D5-48E2-B5CB-F63A8CA8047C}.Debug|x64.ActiveCfg = Debug|Any CPU
		{6D5D20B7-26D5-48E2-B5CB-F63A8CA8047C}.Debug|x64.Build.0 = Debug|Any CPU
		{6D5D20B7-26D5-48E2-B5CB-F63A8CA8047C}.Debug|x86.ActiveCfg = Debug|Any CPU
		{6D5D20B7-26D5-48E2-B5CB-F63A8CA8047C}.Debug|x86.Build.0 = Debug|Any CPU
		{6D5D20B7-26D5-48E2-B5CB-F63A8CA8047C}.Release|Any CPU.ActiveCfg = Release|Any CPU
		{6D5D20B7-26D5-48E2-B5CB-F63A8CA8047C}.Release|Any CPU.Build.0 = Release|Any CPU
		{6D5D20B7-26D5-48E2-B5CB-F63A8CA8047C}.Release|x64.ActiveCfg = Release|Any CPU
		{6D5D20B7-26D5-48E2-B5CB-F63A8CA8047C}.Release|x64.Build.0 = Release|Any CPU
		{6D5D20B7-26D5-48E2-B5CB-F63A8CA8047C}.Release|x86.ActiveCfg = Release|Any CPU
		{6D5D20B7-26D5-48E2-B5CB-F63A8CA8047C}.Release|x86.Build.0 = Release|Any CPU
		{0145880C-DA70-4EBD-9829-4FE9224A04ED}.Debug|Any CPU.ActiveCfg = Debug|Any CPU
		{0145880C-DA70-4EBD-9829-4FE9224A04ED}.Debug|Any CPU.Build.0 = Debug|Any CPU
		{0145880C-DA70-4EBD-9829-4FE9224A04ED}.Debug|x64.ActiveCfg = Debug|Any CPU
		{0145880C-DA70-4EBD-9829-4FE9224A04ED}.Debug|x64.Build.0 = Debug|Any CPU
		{0145880C-DA70-4EBD-9829-4FE9224A04ED}.Debug|x86.ActiveCfg = Debug|Any CPU
		{0145880C-DA70-4EBD-9829-4FE9224A04ED}.Debug|x86.Build.0 = Debug|Any CPU
		{0145880C-DA70-4EBD-9829-4FE9224A04ED}.Release|Any CPU.ActiveCfg = Release|Any CPU
		{0145880C-DA70-4EBD-9829-4FE9224A04ED}.Release|Any CPU.Build.0 = Release|Any CPU
		{0145880C-DA70-4EBD-9829-4FE9224A04ED}.Release|x64.ActiveCfg = Release|Any CPU
		{0145880C-DA70-4EBD-9829-4FE9224A04ED}.Release|x64.Build.0 = Release|Any CPU
		{0145880C-DA70-4EBD-9829-4FE9224A04ED}.Release|x86.ActiveCfg = Release|Any CPU
		{0145880C-DA70-4EBD-9829-4FE9224A04ED}.Release|x86.Build.0 = Release|Any CPU
		{865D04E1-F850-4237-A2C1-A433AA38AC1D}.Debug|Any CPU.ActiveCfg = Debug|Any CPU
		{865D04E1-F850-4237-A2C1-A433AA38AC1D}.Debug|Any CPU.Build.0 = Debug|Any CPU
		{865D04E1-F850-4237-A2C1-A433AA38AC1D}.Debug|x64.ActiveCfg = Debug|Any CPU
		{865D04E1-F850-4237-A2C1-A433AA38AC1D}.Debug|x64.Build.0 = Debug|Any CPU
		{865D04E1-F850-4237-A2C1-A433AA38AC1D}.Debug|x86.ActiveCfg = Debug|Any CPU
		{865D04E1-F850-4237-A2C1-A433AA38AC1D}.Debug|x86.Build.0 = Debug|Any CPU
		{865D04E1-F850-4237-A2C1-A433AA38AC1D}.Release|Any CPU.ActiveCfg = Release|Any CPU
		{865D04E1-F850-4237-A2C1-A433AA38AC1D}.Release|Any CPU.Build.0 = Release|Any CPU
		{865D04E1-F850-4237-A2C1-A433AA38AC1D}.Release|x64.ActiveCfg = Release|Any CPU
		{865D04E1-F850-4237-A2C1-A433AA38AC1D}.Release|x64.Build.0 = Release|Any CPU
		{865D04E1-F850-4237-A2C1-A433AA38AC1D}.Release|x86.ActiveCfg = Release|Any CPU
		{865D04E1-F850-4237-A2C1-A433AA38AC1D}.Release|x86.Build.0 = Release|Any CPU
		{86B203C3-85A1-486A-8BA9-CC13A6AB67AC}.Debug|Any CPU.ActiveCfg = Debug|Any CPU
		{86B203C3-85A1-486A-8BA9-CC13A6AB67AC}.Debug|Any CPU.Build.0 = Debug|Any CPU
		{86B203C3-85A1-486A-8BA9-CC13A6AB67AC}.Debug|x64.ActiveCfg = Debug|Any CPU
		{86B203C3-85A1-486A-8BA9-CC13A6AB67AC}.Debug|x64.Build.0 = Debug|Any CPU
		{86B203C3-85A1-486A-8BA9-CC13A6AB67AC}.Debug|x86.ActiveCfg = Debug|Any CPU
		{86B203C3-85A1-486A-8BA9-CC13A6AB67AC}.Debug|x86.Build.0 = Debug|Any CPU
		{86B203C3-85A1-486A-8BA9-CC13A6AB67AC}.Release|Any CPU.ActiveCfg = Release|Any CPU
		{86B203C3-85A1-486A-8BA9-CC13A6AB67AC}.Release|Any CPU.Build.0 = Release|Any CPU
		{86B203C3-85A1-486A-8BA9-CC13A6AB67AC}.Release|x64.ActiveCfg = Release|Any CPU
		{86B203C3-85A1-486A-8BA9-CC13A6AB67AC}.Release|x64.Build.0 = Release|Any CPU
		{86B203C3-85A1-486A-8BA9-CC13A6AB67AC}.Release|x86.ActiveCfg = Release|Any CPU
		{86B203C3-85A1-486A-8BA9-CC13A6AB67AC}.Release|x86.Build.0 = Release|Any CPU
		{FF39738B-1EF2-483A-B7B3-DEF432678F79}.Debug|Any CPU.ActiveCfg = Debug|Any CPU
		{FF39738B-1EF2-483A-B7B3-DEF432678F79}.Debug|Any CPU.Build.0 = Debug|Any CPU
		{FF39738B-1EF2-483A-B7B3-DEF432678F79}.Debug|x64.ActiveCfg = Debug|Any CPU
		{FF39738B-1EF2-483A-B7B3-DEF432678F79}.Debug|x64.Build.0 = Debug|Any CPU
		{FF39738B-1EF2-483A-B7B3-DEF432678F79}.Debug|x86.ActiveCfg = Debug|Any CPU
		{FF39738B-1EF2-483A-B7B3-DEF432678F79}.Debug|x86.Build.0 = Debug|Any CPU
		{FF39738B-1EF2-483A-B7B3-DEF432678F79}.Release|Any CPU.ActiveCfg = Release|Any CPU
		{FF39738B-1EF2-483A-B7B3-DEF432678F79}.Release|Any CPU.Build.0 = Release|Any CPU
		{FF39738B-1EF2-483A-B7B3-DEF432678F79}.Release|x64.ActiveCfg = Release|Any CPU
		{FF39738B-1EF2-483A-B7B3-DEF432678F79}.Release|x64.Build.0 = Release|Any CPU
		{FF39738B-1EF2-483A-B7B3-DEF432678F79}.Release|x86.ActiveCfg = Release|Any CPU
		{FF39738B-1EF2-483A-B7B3-DEF432678F79}.Release|x86.Build.0 = Release|Any CPU
		{1CB0A95B-F2F5-4233-AAB5-29526AACD09D}.Debug|Any CPU.ActiveCfg = Debug|Any CPU
		{1CB0A95B-F2F5-4233-AAB5-29526AACD09D}.Debug|Any CPU.Build.0 = Debug|Any CPU
		{1CB0A95B-F2F5-4233-AAB5-29526AACD09D}.Debug|x64.ActiveCfg = Debug|Any CPU
		{1CB0A95B-F2F5-4233-AAB5-29526AACD09D}.Debug|x64.Build.0 = Debug|Any CPU
		{1CB0A95B-F2F5-4233-AAB5-29526AACD09D}.Debug|x86.ActiveCfg = Debug|Any CPU
		{1CB0A95B-F2F5-4233-AAB5-29526AACD09D}.Debug|x86.Build.0 = Debug|Any CPU
		{1CB0A95B-F2F5-4233-AAB5-29526AACD09D}.Release|Any CPU.ActiveCfg = Release|Any CPU
		{1CB0A95B-F2F5-4233-AAB5-29526AACD09D}.Release|Any CPU.Build.0 = Release|Any CPU
		{1CB0A95B-F2F5-4233-AAB5-29526AACD09D}.Release|x64.ActiveCfg = Release|Any CPU
		{1CB0A95B-F2F5-4233-AAB5-29526AACD09D}.Release|x64.Build.0 = Release|Any CPU
		{1CB0A95B-F2F5-4233-AAB5-29526AACD09D}.Release|x86.ActiveCfg = Release|Any CPU
		{1CB0A95B-F2F5-4233-AAB5-29526AACD09D}.Release|x86.Build.0 = Release|Any CPU
		{05B84AD8-0671-42E6-9D78-73745FFC3D6D}.Debug|Any CPU.ActiveCfg = Debug|Any CPU
		{05B84AD8-0671-42E6-9D78-73745FFC3D6D}.Debug|Any CPU.Build.0 = Debug|Any CPU
		{05B84AD8-0671-42E6-9D78-73745FFC3D6D}.Debug|x64.ActiveCfg = Debug|Any CPU
		{05B84AD8-0671-42E6-9D78-73745FFC3D6D}.Debug|x64.Build.0 = Debug|Any CPU
		{05B84AD8-0671-42E6-9D78-73745FFC3D6D}.Debug|x86.ActiveCfg = Debug|Any CPU
		{05B84AD8-0671-42E6-9D78-73745FFC3D6D}.Debug|x86.Build.0 = Debug|Any CPU
		{05B84AD8-0671-42E6-9D78-73745FFC3D6D}.Release|Any CPU.ActiveCfg = Release|Any CPU
		{05B84AD8-0671-42E6-9D78-73745FFC3D6D}.Release|Any CPU.Build.0 = Release|Any CPU
		{05B84AD8-0671-42E6-9D78-73745FFC3D6D}.Release|x64.ActiveCfg = Release|Any CPU
		{05B84AD8-0671-42E6-9D78-73745FFC3D6D}.Release|x64.Build.0 = Release|Any CPU
		{05B84AD8-0671-42E6-9D78-73745FFC3D6D}.Release|x86.ActiveCfg = Release|Any CPU
		{05B84AD8-0671-42E6-9D78-73745FFC3D6D}.Release|x86.Build.0 = Release|Any CPU
		{4FBBF9C5-3714-4398-B963-F9D5C576ECD4}.Debug|Any CPU.ActiveCfg = Debug|Any CPU
		{4FBBF9C5-3714-4398-B963-F9D5C576ECD4}.Debug|Any CPU.Build.0 = Debug|Any CPU
		{4FBBF9C5-3714-4398-B963-F9D5C576ECD4}.Debug|x64.ActiveCfg = Debug|Any CPU
		{4FBBF9C5-3714-4398-B963-F9D5C576ECD4}.Debug|x64.Build.0 = Debug|Any CPU
		{4FBBF9C5-3714-4398-B963-F9D5C576ECD4}.Debug|x86.ActiveCfg = Debug|Any CPU
		{4FBBF9C5-3714-4398-B963-F9D5C576ECD4}.Debug|x86.Build.0 = Debug|Any CPU
		{4FBBF9C5-3714-4398-B963-F9D5C576ECD4}.Release|Any CPU.ActiveCfg = Release|Any CPU
		{4FBBF9C5-3714-4398-B963-F9D5C576ECD4}.Release|Any CPU.Build.0 = Release|Any CPU
		{4FBBF9C5-3714-4398-B963-F9D5C576ECD4}.Release|x64.ActiveCfg = Release|Any CPU
		{4FBBF9C5-3714-4398-B963-F9D5C576ECD4}.Release|x64.Build.0 = Release|Any CPU
		{4FBBF9C5-3714-4398-B963-F9D5C576ECD4}.Release|x86.ActiveCfg = Release|Any CPU
		{4FBBF9C5-3714-4398-B963-F9D5C576ECD4}.Release|x86.Build.0 = Release|Any CPU
		{397177F5-576B-45AC-ACAD-4552154426B0}.Debug|Any CPU.ActiveCfg = Debug|Any CPU
		{397177F5-576B-45AC-ACAD-4552154426B0}.Debug|Any CPU.Build.0 = Debug|Any CPU
		{397177F5-576B-45AC-ACAD-4552154426B0}.Debug|x64.ActiveCfg = Debug|Any CPU
		{397177F5-576B-45AC-ACAD-4552154426B0}.Debug|x64.Build.0 = Debug|Any CPU
		{397177F5-576B-45AC-ACAD-4552154426B0}.Debug|x86.ActiveCfg = Debug|Any CPU
		{397177F5-576B-45AC-ACAD-4552154426B0}.Debug|x86.Build.0 = Debug|Any CPU
		{397177F5-576B-45AC-ACAD-4552154426B0}.Release|Any CPU.ActiveCfg = Release|Any CPU
		{397177F5-576B-45AC-ACAD-4552154426B0}.Release|Any CPU.Build.0 = Release|Any CPU
		{397177F5-576B-45AC-ACAD-4552154426B0}.Release|x64.ActiveCfg = Release|Any CPU
		{397177F5-576B-45AC-ACAD-4552154426B0}.Release|x64.Build.0 = Release|Any CPU
		{397177F5-576B-45AC-ACAD-4552154426B0}.Release|x86.ActiveCfg = Release|Any CPU
		{397177F5-576B-45AC-ACAD-4552154426B0}.Release|x86.Build.0 = Release|Any CPU
	EndGlobalSection
	GlobalSection(SolutionProperties) = preSolution
		HideSolutionNode = FALSE
	EndGlobalSection
	GlobalSection(NestedProjects) = preSolution
		{33906401-9067-4AAB-99B1-2A1189CAADD1} = {827E0CD3-B72D-47B6-A68D-7590B98EB39B}
		{7F9F44C8-20E3-4D84-8813-AC6149BF8F69} = {827E0CD3-B72D-47B6-A68D-7590B98EB39B}
		{0D419197-4BAF-461D-AA0D-C93C0B5CD8F8} = {0AB3BF05-4346-4AA6-1389-037BE0695223}
		{24EBD6AC-2572-4E3C-9ABD-B60FCE5C6FF9} = {827E0CD3-B72D-47B6-A68D-7590B98EB39B}
		{A833E23E-769F-4C54-811A-26EA5ECE125C} = {827E0CD3-B72D-47B6-A68D-7590B98EB39B}
		{C54EC4D0-0E60-43FB-A4E9-73A37E48399A} = {827E0CD3-B72D-47B6-A68D-7590B98EB39B}
		{573EF33F-DE69-4740-AFF9-B56F2AD3A5A1} = {827E0CD3-B72D-47B6-A68D-7590B98EB39B}
		{DC0D8DA8-CEA8-4648-A90B-40CEFE89FA9A} = {0AB3BF05-4346-4AA6-1389-037BE0695223}
		{3C0A51FD-63DC-44D7-97DF-DE2178DAA404} = {0AB3BF05-4346-4AA6-1389-037BE0695223}
		{1CA3F5B7-8065-456D-9E46-CB092084D479} = {0AB3BF05-4346-4AA6-1389-037BE0695223}
		{E79C59F2-CBCE-4B8A-9569-234502362936} = {827E0CD3-B72D-47B6-A68D-7590B98EB39B}
		{83702559-7B1F-435B-BD67-4724D5091341} = {827E0CD3-B72D-47B6-A68D-7590B98EB39B}
		{EC447DCF-ABFA-6E24-52A5-D7FD48A5C558} = {827E0CD3-B72D-47B6-A68D-7590B98EB39B}
		{3DF52DA8-B83D-8D2B-4D21-700587FC75DB} = {EC447DCF-ABFA-6E24-52A5-D7FD48A5C558}
		{88CE4F18-481B-41E3-9D54-7507E0FB8635} = {3DF52DA8-B83D-8D2B-4D21-700587FC75DB}
		{CEA09484-30F6-4D44-02F6-822E06DBC57C} = {827E0CD3-B72D-47B6-A68D-7590B98EB39B}
		{5A0BAC9C-026E-7ACA-E8ED-CA74998973C5} = {CEA09484-30F6-4D44-02F6-822E06DBC57C}
		{9CB0E4EC-75C4-4AAA-8DCB-7B6FFBC40131} = {5A0BAC9C-026E-7ACA-E8ED-CA74998973C5}
		{FAA8119B-AA7A-1BC1-126F-7760766D0C16} = {827E0CD3-B72D-47B6-A68D-7590B98EB39B}
		{59E6F2BB-0E08-F9AD-94A1-7F05BF6AD86C} = {FAA8119B-AA7A-1BC1-126F-7760766D0C16}
		{9FA78083-78DF-41EC-9E09-A7804545CA56} = {59E6F2BB-0E08-F9AD-94A1-7F05BF6AD86C}
		{31ECC41D-E2FA-64F3-E3B5-79DEEDFE2750} = {EC447DCF-ABFA-6E24-52A5-D7FD48A5C558}
		{A76C9BC3-2341-4DC1-A905-DB082A4F1025} = {31ECC41D-E2FA-64F3-E3B5-79DEEDFE2750}
		{1B8F7F78-E44E-B657-9A10-85D8F3FF0347} = {CEA09484-30F6-4D44-02F6-822E06DBC57C}
		{3C2B95CD-3F94-4831-AC57-779A14BF2BD3} = {1B8F7F78-E44E-B657-9A10-85D8F3FF0347}
		{44F8D47F-22CC-4E25-9416-A989855958A0} = {FAA8119B-AA7A-1BC1-126F-7760766D0C16}
		{279F5A72-2594-4314-9F2B-3F862C8B86BE} = {44F8D47F-22CC-4E25-9416-A989855958A0}
		{68106B6F-7600-51D6-440C-E064911388C7} = {FAA8119B-AA7A-1BC1-126F-7760766D0C16}
		{972984D0-2770-4619-BBE1-CBF57A2A6287} = {68106B6F-7600-51D6-440C-E064911388C7}
		{237CDB4C-E7C4-795B-969A-4CCB7C8B335B} = {827E0CD3-B72D-47B6-A68D-7590B98EB39B}
		{37BBC434-6B80-4103-6230-566D0BAA8BCE} = {237CDB4C-E7C4-795B-969A-4CCB7C8B335B}
		{67DEA98B-5276-4CE5-8220-FC1F8C3F370F} = {37BBC434-6B80-4103-6230-566D0BAA8BCE}
		{9048EB7F-3875-A59E-E36B-5BD4C6F2A282} = {827E0CD3-B72D-47B6-A68D-7590B98EB39B}
		{F953B7FB-7AE3-4150-85DB-187B390CFA5A} = {9048EB7F-3875-A59E-E36B-5BD4C6F2A282}
		{B8F868DB-E0A9-4EBC-B25E-54A25ED56817} = {F953B7FB-7AE3-4150-85DB-187B390CFA5A}
		{80EEF130-7592-4B6B-60A1-C320E7924423} = {CEA09484-30F6-4D44-02F6-822E06DBC57C}
		{B41AC07F-B6DD-4259-A2D4-8D21FEB2320D} = {80EEF130-7592-4B6B-60A1-C320E7924423}
		{80D43502-D511-F4F3-D744-2CAA568BAC14} = {EC447DCF-ABFA-6E24-52A5-D7FD48A5C558}
		{59269F2E-C69C-43CA-9D12-3939CB59C35F} = {80D43502-D511-F4F3-D744-2CAA568BAC14}
		{49A3CA64-3BD6-ACE7-4728-47131A4D7966} = {EC447DCF-ABFA-6E24-52A5-D7FD48A5C558}
		{0B8335D2-050C-46D0-BDC7-4B2FF102F523} = {49A3CA64-3BD6-ACE7-4728-47131A4D7966}
		{D1498559-D14B-822D-74BB-B0A0645385A1} = {EC447DCF-ABFA-6E24-52A5-D7FD48A5C558}
		{000FC243-DF22-4BA0-8986-AFFC5148A8D1} = {D1498559-D14B-822D-74BB-B0A0645385A1}
		{0B6535A7-C94D-FA27-199D-605698E30717} = {CEA09484-30F6-4D44-02F6-822E06DBC57C}
		{F9D1640C-0B5D-4AC0-9554-93B73C406840} = {0B6535A7-C94D-FA27-199D-605698E30717}
		{7E6B4E5E-9F53-2671-2387-617EF544BF6D} = {CEA09484-30F6-4D44-02F6-822E06DBC57C}
		{8AE365B9-4C74-4183-8E60-609707D33D50} = {7E6B4E5E-9F53-2671-2387-617EF544BF6D}
		{8075805D-074E-7AD5-2655-B9C1D2C7A10E} = {CEA09484-30F6-4D44-02F6-822E06DBC57C}
		{EEE2B7E7-96FF-43E0-8BDC-85BE796AA6EB} = {8075805D-074E-7AD5-2655-B9C1D2C7A10E}
		{72365B55-372C-9EF0-4407-9FD0B18ADFBB} = {CEA09484-30F6-4D44-02F6-822E06DBC57C}
		{2DA40DCF-616A-4FC3-80A9-2D58013BDFC5} = {72365B55-372C-9EF0-4407-9FD0B18ADFBB}
		{B143EE0E-0A64-FFD7-09D7-FF688C793161} = {EC447DCF-ABFA-6E24-52A5-D7FD48A5C558}
		{E7405C2C-38A4-4780-A5F5-AB0825F22E15} = {B143EE0E-0A64-FFD7-09D7-FF688C793161}
		{64AB794F-C05E-4D80-DE6C-4AD8FCE53CB5} = {CEA09484-30F6-4D44-02F6-822E06DBC57C}
		{58399F79-91EA-4E9D-997C-A5BC51AD5C04} = {64AB794F-C05E-4D80-DE6C-4AD8FCE53CB5}
		{DCE0B168-5583-A061-B658-D73D15A81CB8} = {CEA09484-30F6-4D44-02F6-822E06DBC57C}
		{36EE42D7-2B20-4D14-A554-4100E9EA320F} = {DCE0B168-5583-A061-B658-D73D15A81CB8}
		{41068B45-6B8D-4B9D-8EC8-0820040199CC} = {827E0CD3-B72D-47B6-A68D-7590B98EB39B}
		{D52BE201-BD4F-4AE0-B423-548104C22D68} = {827E0CD3-B72D-47B6-A68D-7590B98EB39B}
		{4C6BDAE4-8D09-3162-71E4-914813D2EA71} = {EC447DCF-ABFA-6E24-52A5-D7FD48A5C558}
		{F9F2AC4E-2A23-0368-3C4E-878E578BD8D8} = {4C6BDAE4-8D09-3162-71E4-914813D2EA71}
		{6D5D20B7-26D5-48E2-B5CB-F63A8CA8047C} = {F9F2AC4E-2A23-0368-3C4E-878E578BD8D8}
		{6CEAEAE0-3FEA-3937-878D-35C7773D2BC1} = {4C6BDAE4-8D09-3162-71E4-914813D2EA71}
		{0145880C-DA70-4EBD-9829-4FE9224A04ED} = {6CEAEAE0-3FEA-3937-878D-35C7773D2BC1}
		{F8933E5F-E09D-A23F-070C-12BE9F98CB40} = {4C6BDAE4-8D09-3162-71E4-914813D2EA71}
		{865D04E1-F850-4237-A2C1-A433AA38AC1D} = {F8933E5F-E09D-A23F-070C-12BE9F98CB40}
		{18C073E0-6CB1-4693-3636-BFEE619A6192} = {EC447DCF-ABFA-6E24-52A5-D7FD48A5C558}
		{F8469CCB-15E9-81F9-BE15-F54D1704C402} = {18C073E0-6CB1-4693-3636-BFEE619A6192}
		{86B203C3-85A1-486A-8BA9-CC13A6AB67AC} = {F8469CCB-15E9-81F9-BE15-F54D1704C402}
		{C209B51E-608D-A428-C6DD-B6C7B26A51B9} = {18C073E0-6CB1-4693-3636-BFEE619A6192}
		{FF39738B-1EF2-483A-B7B3-DEF432678F79} = {C209B51E-608D-A428-C6DD-B6C7B26A51B9}
		{B130B108-9E80-AFBA-3E31-BCDB13233224} = {EC447DCF-ABFA-6E24-52A5-D7FD48A5C558}
		{7184D765-C355-5F2F-541A-50DF491CFF6E} = {B130B108-9E80-AFBA-3E31-BCDB13233224}
		{1CB0A95B-F2F5-4233-AAB5-29526AACD09D} = {7184D765-C355-5F2F-541A-50DF491CFF6E}
		{56D3B7C0-4433-7146-9277-DBB7116F9942} = {B130B108-9E80-AFBA-3E31-BCDB13233224}
		{05B84AD8-0671-42E6-9D78-73745FFC3D6D} = {56D3B7C0-4433-7146-9277-DBB7116F9942}
		{4FBBF9C5-3714-4398-B963-F9D5C576ECD4} = {827E0CD3-B72D-47B6-A68D-7590B98EB39B}
		{397177F5-576B-45AC-ACAD-4552154426B0} = {0AB3BF05-4346-4AA6-1389-037BE0695223}
	EndGlobalSection
EndGlobal
